{
  "object": {
    "pins": [
      {
        "package": "BottomSheet",
        "repositoryURL": "https://github.com/danielsaidi/BottomSheet.git",
        "state": {
          "branch": null,
          "revision": "940d2ebde76d6546931d455ae9dc267b704fb4b9",
          "version": "0.1.0"
        }
      },
      {
        "package": "PartialSheet",
        "repositoryURL": "https://github.com/AndreaMiotto/PartialSheet.git",
        "state": {
          "branch": null,
          "revision": "422d748bfb149b2af4b48e43b7b6197bd8a727c1",
          "version": "2.1.14"
        }
      }
    ]
  },
  "version": 1
}
