// !$*UTF8*$!
{
	archiveVersion = 1;
	classes = {
	};
	objectVersion = 52;
	objects = {

/* Begin PBXBuildFile section */
		18C6927C84D38BA9EE3F545B /* Pods_PRO.framework in Frameworks */ = {isa = PBXBuildFile; fileRef = E3C06D47BDA9998B4B375715 /* Pods_PRO.framework */; };
		2E11FEA9278F635D0087AA66 /* ActivitySummaryView.swift in Sources */ = {isa = PBXBuildFile; fileRef = 2E11FEA8278F635D0087AA66 /* ActivitySummaryView.swift */; };
		2E5431D4272B540E00B99B2A /* RouteView.swift in Sources */ = {isa = PBXBuildFile; fileRef = 2E5431D3272B540E00B99B2A /* RouteView.swift */; };
		2FAF5A6336548F2D98AD4BAE /* Pods_PROTests.framework in Frameworks */ = {isa = PBXBuildFile; fileRef = AB8F1CF126A59CADCF161A74 /* Pods_PROTests.framework */; };
		3A3473BE99512C06EBA024F5 /* Pods_PRO_PROUITests.framework in Frameworks */ = {isa = PBXBuildFile; fileRef = 38C7C9F320FB5C095FED1876 /* Pods_PRO_PROUITests.framework */; };
		76900EE4C2D9C9D1BCC38AA3 /* amplifyconfiguration.json in Resources */ = {isa = PBXBuildFile; fileRef = 727D1891CD0D9128FF9FFABA /* amplifyconfiguration.json */; };
		AC13263C25B737E5007CF049 /* MovementFormView.swift in Sources */ = {isa = PBXBuildFile; fileRef = AC13263B25B737E5007CF049 /* MovementFormView.swift */; };
		AC17AD86274426DB002A376B /* ViewerDialogs.swift in Sources */ = {isa = PBXBuildFile; fileRef = AC17AD85274426DA002A376B /* ViewerDialogs.swift */; };
		AC1AF8C4274DEC67002658B6 /* MovementFormTabsView.swift in Sources */ = {isa = PBXBuildFile; fileRef = AC1AF8C3274DEC67002658B6 /* MovementFormTabsView.swift */; };
		AC22180C27624F9C00815E4E /* ActivityFormView.swift in Sources */ = {isa = PBXBuildFile; fileRef = AC22180B27624F9C00815E4E /* ActivityFormView.swift */; };
		AC3444C42562C66900C0D668 /* RequestOperation.swift in Sources */ = {isa = PBXBuildFile; fileRef = AC3444C32562C66900C0D668 /* RequestOperation.swift */; };
		AC3444CA2562C72400C0D668 /* SyncRecurrentService.swift in Sources */ = {isa = PBXBuildFile; fileRef = AC3444C92562C72400C0D668 /* SyncRecurrentService.swift */; };
		AC3444D72562CA4E00C0D668 /* SyncDataService.swift in Sources */ = {isa = PBXBuildFile; fileRef = AC3444D62562CA4E00C0D668 /* SyncDataService.swift */; };
		AC3444DD2562CCE200C0D668 /* SyncService.swift in Sources */ = {isa = PBXBuildFile; fileRef = AC3444DC2562CCE200C0D668 /* SyncService.swift */; };
		AC3444E32563683F00C0D668 /* SLAIDPanelView.swift in Sources */ = {isa = PBXBuildFile; fileRef = AC3444E22563683F00C0D668 /* SLAIDPanelView.swift */; };
		AC3444EB256368C200C0D668 /* DashboardPanelView.swift in Sources */ = {isa = PBXBuildFile; fileRef = AC3444EA256368C200C0D668 /* DashboardPanelView.swift */; };
		AC3444F02563691B00C0D668 /* NotificationPanelView.swift in Sources */ = {isa = PBXBuildFile; fileRef = AC3444EF2563691B00C0D668 /* NotificationPanelView.swift */; };
		AC344510256373BE00C0D668 /* GMSView.swift in Sources */ = {isa = PBXBuildFile; fileRef = AC34450F256373BE00C0D668 /* GMSView.swift */; };
		AC34451925637F3700C0D668 /* DashboardTabView.swift in Sources */ = {isa = PBXBuildFile; fileRef = AC34451825637F3700C0D668 /* DashboardTabView.swift */; };
		AC34452125637F4C00C0D668 /* BirthdayTabView.swift in Sources */ = {isa = PBXBuildFile; fileRef = AC34452025637F4B00C0D668 /* BirthdayTabView.swift */; };
		AC34452625637F5F00C0D668 /* MessageTabView.swift in Sources */ = {isa = PBXBuildFile; fileRef = AC34452525637F5F00C0D668 /* MessageTabView.swift */; };
		AC34452B25637F7000C0D668 /* NotificationTabView.swift in Sources */ = {isa = PBXBuildFile; fileRef = AC34452A25637F7000C0D668 /* NotificationTabView.swift */; };
		AC3445302563880F00C0D668 /* DashboardRouter.swift in Sources */ = {isa = PBXBuildFile; fileRef = AC34452F2563880F00C0D668 /* DashboardRouter.swift */; };
		AC344536256389A800C0D668 /* DiaryListTabView.swift in Sources */ = {isa = PBXBuildFile; fileRef = AC344535256389A800C0D668 /* DiaryListTabView.swift */; };
		AC34454025638A2300C0D668 /* DoctorListView.swift in Sources */ = {isa = PBXBuildFile; fileRef = AC34453F25638A2300C0D668 /* DoctorListView.swift */; };
		AC34454825638B3D00C0D668 /* ActivityListView.swift in Sources */ = {isa = PBXBuildFile; fileRef = AC34454725638B3D00C0D668 /* ActivityListView.swift */; };
		AC34454D25638B5C00C0D668 /* PharmacyListView.swift in Sources */ = {isa = PBXBuildFile; fileRef = AC34454C25638B5C00C0D668 /* PharmacyListView.swift */; };
		AC34455225638B6B00C0D668 /* ClientListView.swift in Sources */ = {isa = PBXBuildFile; fileRef = AC34455125638B6B00C0D668 /* ClientListView.swift */; };
		AC3E5C1B25AB78CE00C70FC2 /* DoctorFormView.swift in Sources */ = {isa = PBXBuildFile; fileRef = AC3E5C1A25AB78CE00C70FC2 /* DoctorFormView.swift */; };
		AC56227A274FDF1A00098C3A /* Amplify in Frameworks */ = {isa = PBXBuildFile; productRef = AC562279274FDF1A00098C3A /* Amplify */; };
		AC56227C274FDF1A00098C3A /* AWSCognitoAuthPlugin in Frameworks */ = {isa = PBXBuildFile; productRef = AC56227B274FDF1A00098C3A /* AWSCognitoAuthPlugin */; };
		AC56227E274FDF1A00098C3A /* AWSS3StoragePlugin in Frameworks */ = {isa = PBXBuildFile; productRef = AC56227D274FDF1A00098C3A /* AWSS3StoragePlugin */; };
		AC562280274FDF1A00098C3A /* AWSAPIPlugin in Frameworks */ = {isa = PBXBuildFile; productRef = AC56227F274FDF1A00098C3A /* AWSAPIPlugin */; };
		AC59E95C2576B82F00121387 /* GenericViews.swift in Sources */ = {isa = PBXBuildFile; fileRef = AC59E95B2576B82F00121387 /* GenericViews.swift */; };
		AC59E99D257B400800121387 /* AppManage.swift in Sources */ = {isa = PBXBuildFile; fileRef = AC59E99C257B400800121387 /* AppManage.swift */; };
		AC59E9A2257B424000121387 /* PanelCardView.swift in Sources */ = {isa = PBXBuildFile; fileRef = AC59E9A1257B424000121387 /* PanelCardView.swift */; };
		AC59E9A7257B425F00121387 /* ClientFormView.swift in Sources */ = {isa = PBXBuildFile; fileRef = AC59E9A6257B425F00121387 /* ClientFormView.swift */; };
		AC5B9762256CAE0F0007500D /* PartialSheet in Frameworks */ = {isa = PBXBuildFile; productRef = AC5B9761256CAE0F0007500D /* PartialSheet */; };
		AC5B9767256CB12E0007500D /* AppMenuView.swift in Sources */ = {isa = PBXBuildFile; fileRef = AC5B9766256CB12E0007500D /* AppMenuView.swift */; };
		AC60C1E6274745B200294834 /* PatientListView.swift in Sources */ = {isa = PBXBuildFile; fileRef = AC60C1E5274745B200294834 /* PatientListView.swift */; };
		AC60C1EB2747495F00294834 /* PotentialListView.swift in Sources */ = {isa = PBXBuildFile; fileRef = AC60C1EA2747495F00294834 /* PotentialListView.swift */; };
		AC60C1F0274749C400294834 /* PotentialFormView.swift in Sources */ = {isa = PBXBuildFile; fileRef = AC60C1EF274749C400294834 /* PotentialFormView.swift */; };
		AC60C1F527474A0800294834 /* PatientFormView.swift in Sources */ = {isa = PBXBuildFile; fileRef = AC60C1F427474A0800294834 /* PatientFormView.swift */; };
		AC60C1FA27474A4100294834 /* PharmacyFormView.swift in Sources */ = {isa = PBXBuildFile; fileRef = AC60C1F927474A4100294834 /* PharmacyFormView.swift */; };
		AC60C1FF274750E200294834 /* PanelGenericViews.swift in Sources */ = {isa = PBXBuildFile; fileRef = AC60C1FE274750E200294834 /* PanelGenericViews.swift */; };
		AC62C2D925A7D0E600FA5868 /* DynamicFormView.swift in Sources */ = {isa = PBXBuildFile; fileRef = AC62C2D825A7D0E600FA5868 /* DynamicFormView.swift */; };
		AC62C2DE25A7D12700FA5868 /* DynamicForm.swift in Sources */ = {isa = PBXBuildFile; fileRef = AC62C2DD25A7D12700FA5868 /* DynamicForm.swift */; };
		AC6F1F2324FF2978005E57DC /* AppDelegate.swift in Sources */ = {isa = PBXBuildFile; fileRef = AC6F1F2224FF2978005E57DC /* AppDelegate.swift */; };
		AC6F1F2524FF2978005E57DC /* SceneDelegate.swift in Sources */ = {isa = PBXBuildFile; fileRef = AC6F1F2424FF2978005E57DC /* SceneDelegate.swift */; };
		AC6F1F2724FF2978005E57DC /* ContentView.swift in Sources */ = {isa = PBXBuildFile; fileRef = AC6F1F2624FF2978005E57DC /* ContentView.swift */; };
		AC6F1F2924FF297A005E57DC /* Assets.xcassets in Resources */ = {isa = PBXBuildFile; fileRef = AC6F1F2824FF297A005E57DC /* Assets.xcassets */; };
		AC6F1F2C24FF297A005E57DC /* Preview Assets.xcassets in Resources */ = {isa = PBXBuildFile; fileRef = AC6F1F2B24FF297A005E57DC /* Preview Assets.xcassets */; };
		AC6F1F2F24FF297A005E57DC /* LaunchScreen.storyboard in Resources */ = {isa = PBXBuildFile; fileRef = AC6F1F2D24FF297A005E57DC /* LaunchScreen.storyboard */; };
		AC6F1F3A24FF297B005E57DC /* PROTests.swift in Sources */ = {isa = PBXBuildFile; fileRef = AC6F1F3924FF297B005E57DC /* PROTests.swift */; };
		AC6F1F4524FF297B005E57DC /* PROUITests.swift in Sources */ = {isa = PBXBuildFile; fileRef = AC6F1F4424FF297B005E57DC /* PROUITests.swift */; };
		AC78D2E726D54A2D00674A4F /* EnvObjects.swift in Sources */ = {isa = PBXBuildFile; fileRef = AC78D2E626D54A2D00674A4F /* EnvObjects.swift */; };
		AC78D2EC26D54FA900674A4F /* DialogPickers.swift in Sources */ = {isa = PBXBuildFile; fileRef = AC78D2EB26D54FA900674A4F /* DialogPickers.swift */; };
		AC78D2F126D5551D00674A4F /* RealmDao.swift in Sources */ = {isa = PBXBuildFile; fileRef = AC78D2F026D5551D00674A4F /* RealmDao.swift */; };
		AC78D2F726D563ED00674A4F /* MaterialDeliveryView.swift in Sources */ = {isa = PBXBuildFile; fileRef = AC78D2F626D563ED00674A4F /* MaterialDeliveryView.swift */; };
		AC78D2FF26D5641600674A4F /* MaterialRequestView.swift in Sources */ = {isa = PBXBuildFile; fileRef = AC78D2FE26D5641600674A4F /* MaterialRequestView.swift */; };
		AC82D63A26D3E3D100701D3D /* ContactListView.swift in Sources */ = {isa = PBXBuildFile; fileRef = AC82D63926D3E3D100701D3D /* ContactListView.swift */; };
		AC893F792549BD07009E1C43 /* GoogleService-Info.plist in Resources */ = {isa = PBXBuildFile; fileRef = AC893F782549BD07009E1C43 /* GoogleService-Info.plist */; };
		AC893F8E2549C1CC009E1C43 /* UserSettings.swift in Sources */ = {isa = PBXBuildFile; fileRef = AC893F8D2549C1CC009E1C43 /* UserSettings.swift */; };
		AC893F932549C1EF009E1C43 /* Utils.swift in Sources */ = {isa = PBXBuildFile; fileRef = AC893F922549C1EF009E1C43 /* Utils.swift */; };
		AC893F982549C20B009E1C43 /* Globals.swift in Sources */ = {isa = PBXBuildFile; fileRef = AC893F972549C20B009E1C43 /* Globals.swift */; };
		AC893FD6254B1435009E1C43 /* EnvironmentRouters.swift in Sources */ = {isa = PBXBuildFile; fileRef = AC893FD5254B1435009E1C43 /* EnvironmentRouters.swift */; };
		AC893FEC254C80C9009E1C43 /* LoginView.swift in Sources */ = {isa = PBXBuildFile; fileRef = AC893FEB254C80C9009E1C43 /* LoginView.swift */; };
		AC893FF4254C846E009E1C43 /* Widgets.swift in Sources */ = {isa = PBXBuildFile; fileRef = AC893FF3254C846E009E1C43 /* Widgets.swift */; };
		ACA106C92575841600FDD7E4 /* WrapperView.swift in Sources */ = {isa = PBXBuildFile; fileRef = ACA106C82575841600FDD7E4 /* WrapperView.swift */; };
		ACA106D02575907900FDD7E4 /* RequestDayView.swift in Sources */ = {isa = PBXBuildFile; fileRef = ACA106CF2575907900FDD7E4 /* RequestDayView.swift */; };
		ACA106DD2575966B00FDD7E4 /* HeaderToggleView.swift in Sources */ = {isa = PBXBuildFile; fileRef = ACA106DC2575966B00FDD7E4 /* HeaderToggleView.swift */; };
		ACA106E22575E8D000FDD7E4 /* SupportView.swift in Sources */ = {isa = PBXBuildFile; fileRef = ACA106E12575E8D000FDD7E4 /* SupportView.swift */; };
		ACA106F52575F77800FDD7E4 /* RealmMVVM.swift in Sources */ = {isa = PBXBuildFile; fileRef = ACA106F42575F77800FDD7E4 /* RealmMVVM.swift */; };
		ACA15F462591AB2300E92FF2 /* PanelLocationView.swift in Sources */ = {isa = PBXBuildFile; fileRef = ACA15F452591AB2300E92FF2 /* PanelLocationView.swift */; };
		ACA15F4C25923BF700E92FF2 /* LocationManager.swift in Sources */ = {isa = PBXBuildFile; fileRef = ACA15F4B25923BF700E92FF2 /* LocationManager.swift */; };
		ACB50CC6274321C800F9D6B7 /* CommonUtils.swift in Sources */ = {isa = PBXBuildFile; fileRef = ACB50CC5274321C800F9D6B7 /* CommonUtils.swift */; };
		ACB50CCB2743563700F9D6B7 /* FileUtils.swift in Sources */ = {isa = PBXBuildFile; fileRef = ACB50CCA2743563700F9D6B7 /* FileUtils.swift */; };
		ACC05338255057C600B9753A /* Extensions.swift in Sources */ = {isa = PBXBuildFile; fileRef = ACC05337255057C600B9753A /* Extensions.swift */; };
		ACC053402550629500B9753A /* MediaServer.swift in Sources */ = {isa = PBXBuildFile; fileRef = ACC0533D2550628900B9753A /* MediaServer.swift */; };
		ACC053412550629500B9753A /* NetworkService.swift in Sources */ = {isa = PBXBuildFile; fileRef = ACC0533E2550628F00B9753A /* NetworkService.swift */; };
		ACC053422550629500B9753A /* AppServer.swift in Sources */ = {isa = PBXBuildFile; fileRef = ACC0533F2550629500B9753A /* AppServer.swift */; };
		ACC05347255062F100B9753A /* MasterView.swift in Sources */ = {isa = PBXBuildFile; fileRef = ACC05346255062F100B9753A /* MasterView.swift */; };
		ACC05350255067EC00B9753A /* Localizable.strings in Resources */ = {isa = PBXBuildFile; fileRef = ACC05352255067EC00B9753A /* Localizable.strings */; };
		ACC053582550981E00B9753A /* AuthService.swift in Sources */ = {isa = PBXBuildFile; fileRef = ACC053572550981E00B9753A /* AuthService.swift */; };
		ACC053602550A63700B9753A /* InitView.swift in Sources */ = {isa = PBXBuildFile; fileRef = ACC0535F2550A63700B9753A /* InitView.swift */; };
		ACC053942550DA1800B9753A /* VMCoreData.swift in Sources */ = {isa = PBXBuildFile; fileRef = ACC053932550DA1800B9753A /* VMCoreData.swift */; };
		ACC0539C2550DA2300B9753A /* VMConfigData.swift in Sources */ = {isa = PBXBuildFile; fileRef = ACC0539B2550DA2300B9753A /* VMConfigData.swift */; };
		ACC128312581184E00595078 /* MovementListView.swift in Sources */ = {isa = PBXBuildFile; fileRef = ACC128302581184E00595078 /* MovementListView.swift */; };
		ACC1963925A4CAA200C5EE3E /* RouteListView.swift in Sources */ = {isa = PBXBuildFile; fileRef = ACC1963825A4CAA200C5EE3E /* RouteListView.swift */; };
		ACC1963E25A4D51700C5EE3E /* RouteFormView.swift in Sources */ = {isa = PBXBuildFile; fileRef = ACC1963D25A4D51700C5EE3E /* RouteFormView.swift */; };
		ACC49D1B2750881E0078F7CA /* LocationService.swift in Sources */ = {isa = PBXBuildFile; fileRef = ACC49D1A2750881E0078F7CA /* LocationService.swift */; };
		ACDD64B7274C0FDA00D2C340 /* PanelStockView.swift in Sources */ = {isa = PBXBuildFile; fileRef = ACDD64B6274C0FDA00D2C340 /* PanelStockView.swift */; };
		ACDD64BC274C104D00D2C340 /* PanelContactView.swift in Sources */ = {isa = PBXBuildFile; fileRef = ACDD64BB274C104D00D2C340 /* PanelContactView.swift */; };
		BDFA1EC1EA0C8934704614E0 /* awsconfiguration.json in Resources */ = {isa = PBXBuildFile; fileRef = 01C38C1E1CEFD504B2BF9AED /* awsconfiguration.json */; };
/* End PBXBuildFile section */

/* Begin PBXContainerItemProxy section */
		AC6F1F3624FF297B005E57DC /* PBXContainerItemProxy */ = {
			isa = PBXContainerItemProxy;
			containerPortal = AC6F1F1724FF2978005E57DC /* Project object */;
			proxyType = 1;
			remoteGlobalIDString = AC6F1F1E24FF2978005E57DC;
			remoteInfo = PRO;
		};
		AC6F1F4124FF297B005E57DC /* PBXContainerItemProxy */ = {
			isa = PBXContainerItemProxy;
			containerPortal = AC6F1F1724FF2978005E57DC /* Project object */;
			proxyType = 1;
			remoteGlobalIDString = AC6F1F1E24FF2978005E57DC;
			remoteInfo = PRO;
		};
/* End PBXContainerItemProxy section */

/* Begin PBXFileReference section */
		01C38C1E1CEFD504B2BF9AED /* awsconfiguration.json */ = {isa = PBXFileReference; explicitFileType = text.json; path = awsconfiguration.json; sourceTree = "<group>"; };
		09088EBD37B79740C57A1DBB /* Pods-PROTests.release.xcconfig */ = {isa = PBXFileReference; includeInIndex = 1; lastKnownFileType = text.xcconfig; name = "Pods-PROTests.release.xcconfig"; path = "Target Support Files/Pods-PROTests/Pods-PROTests.release.xcconfig"; sourceTree = "<group>"; };
		2E11FEA8278F635D0087AA66 /* ActivitySummaryView.swift */ = {isa = PBXFileReference; lastKnownFileType = sourcecode.swift; path = ActivitySummaryView.swift; sourceTree = "<group>"; };
		2E5431D3272B540E00B99B2A /* RouteView.swift */ = {isa = PBXFileReference; lastKnownFileType = sourcecode.swift; path = RouteView.swift; sourceTree = "<group>"; };
		38C7C9F320FB5C095FED1876 /* Pods_PRO_PROUITests.framework */ = {isa = PBXFileReference; explicitFileType = wrapper.framework; includeInIndex = 0; path = Pods_PRO_PROUITests.framework; sourceTree = BUILT_PRODUCTS_DIR; };
		3C4A6044C111C9D48B7331F7 /* Pods-PRO-PROUITests.release.xcconfig */ = {isa = PBXFileReference; includeInIndex = 1; lastKnownFileType = text.xcconfig; name = "Pods-PRO-PROUITests.release.xcconfig"; path = "Target Support Files/Pods-PRO-PROUITests/Pods-PRO-PROUITests.release.xcconfig"; sourceTree = "<group>"; };
		68134B15E467F03395CB862C /* Pods-PROTests.debug.xcconfig */ = {isa = PBXFileReference; includeInIndex = 1; lastKnownFileType = text.xcconfig; name = "Pods-PROTests.debug.xcconfig"; path = "Target Support Files/Pods-PROTests/Pods-PROTests.debug.xcconfig"; sourceTree = "<group>"; };
		727D1891CD0D9128FF9FFABA /* amplifyconfiguration.json */ = {isa = PBXFileReference; explicitFileType = text.json; path = amplifyconfiguration.json; sourceTree = "<group>"; };
		75A49B1FDE2D70469D403D67 /* Pods-PRO.release.xcconfig */ = {isa = PBXFileReference; includeInIndex = 1; lastKnownFileType = text.xcconfig; name = "Pods-PRO.release.xcconfig"; path = "Target Support Files/Pods-PRO/Pods-PRO.release.xcconfig"; sourceTree = "<group>"; };
		A07CCE38AA9FCCC721A567A7 /* Pods-PRO-PROUITests.debug.xcconfig */ = {isa = PBXFileReference; includeInIndex = 1; lastKnownFileType = text.xcconfig; name = "Pods-PRO-PROUITests.debug.xcconfig"; path = "Target Support Files/Pods-PRO-PROUITests/Pods-PRO-PROUITests.debug.xcconfig"; sourceTree = "<group>"; };
		AB8F1CF126A59CADCF161A74 /* Pods_PROTests.framework */ = {isa = PBXFileReference; explicitFileType = wrapper.framework; includeInIndex = 0; path = Pods_PROTests.framework; sourceTree = BUILT_PRODUCTS_DIR; };
		AC13263B25B737E5007CF049 /* MovementFormView.swift */ = {isa = PBXFileReference; lastKnownFileType = sourcecode.swift; path = MovementFormView.swift; sourceTree = "<group>"; };
		AC17AD85274426DA002A376B /* ViewerDialogs.swift */ = {isa = PBXFileReference; fileEncoding = 4; lastKnownFileType = sourcecode.swift; path = ViewerDialogs.swift; sourceTree = "<group>"; };
		AC1AF8C3274DEC67002658B6 /* MovementFormTabsView.swift */ = {isa = PBXFileReference; lastKnownFileType = sourcecode.swift; path = MovementFormTabsView.swift; sourceTree = "<group>"; };
		AC22180B27624F9C00815E4E /* ActivityFormView.swift */ = {isa = PBXFileReference; lastKnownFileType = sourcecode.swift; path = ActivityFormView.swift; sourceTree = "<group>"; };
		AC3444C32562C66900C0D668 /* RequestOperation.swift */ = {isa = PBXFileReference; lastKnownFileType = sourcecode.swift; path = RequestOperation.swift; sourceTree = "<group>"; };
		AC3444C92562C72400C0D668 /* SyncRecurrentService.swift */ = {isa = PBXFileReference; lastKnownFileType = sourcecode.swift; path = SyncRecurrentService.swift; sourceTree = "<group>"; };
		AC3444D62562CA4E00C0D668 /* SyncDataService.swift */ = {isa = PBXFileReference; lastKnownFileType = sourcecode.swift; path = SyncDataService.swift; sourceTree = "<group>"; };
		AC3444DC2562CCE200C0D668 /* SyncService.swift */ = {isa = PBXFileReference; lastKnownFileType = sourcecode.swift; path = SyncService.swift; sourceTree = "<group>"; };
		AC3444E22563683F00C0D668 /* SLAIDPanelView.swift */ = {isa = PBXFileReference; lastKnownFileType = sourcecode.swift; path = SLAIDPanelView.swift; sourceTree = "<group>"; };
		AC3444EA256368C200C0D668 /* DashboardPanelView.swift */ = {isa = PBXFileReference; lastKnownFileType = sourcecode.swift; path = DashboardPanelView.swift; sourceTree = "<group>"; };
		AC3444EF2563691B00C0D668 /* NotificationPanelView.swift */ = {isa = PBXFileReference; lastKnownFileType = sourcecode.swift; path = NotificationPanelView.swift; sourceTree = "<group>"; };
		AC34450F256373BE00C0D668 /* GMSView.swift */ = {isa = PBXFileReference; lastKnownFileType = sourcecode.swift; path = GMSView.swift; sourceTree = "<group>"; };
		AC34451825637F3700C0D668 /* DashboardTabView.swift */ = {isa = PBXFileReference; lastKnownFileType = sourcecode.swift; path = DashboardTabView.swift; sourceTree = "<group>"; };
		AC34452025637F4B00C0D668 /* BirthdayTabView.swift */ = {isa = PBXFileReference; lastKnownFileType = sourcecode.swift; path = BirthdayTabView.swift; sourceTree = "<group>"; };
		AC34452525637F5F00C0D668 /* MessageTabView.swift */ = {isa = PBXFileReference; lastKnownFileType = sourcecode.swift; path = MessageTabView.swift; sourceTree = "<group>"; };
		AC34452A25637F7000C0D668 /* NotificationTabView.swift */ = {isa = PBXFileReference; lastKnownFileType = sourcecode.swift; path = NotificationTabView.swift; sourceTree = "<group>"; };
		AC34452F2563880F00C0D668 /* DashboardRouter.swift */ = {isa = PBXFileReference; lastKnownFileType = sourcecode.swift; path = DashboardRouter.swift; sourceTree = "<group>"; };
		AC344535256389A800C0D668 /* DiaryListTabView.swift */ = {isa = PBXFileReference; lastKnownFileType = sourcecode.swift; name = DiaryListTabView.swift; path = PRO/Utils/DiaryListTabView.swift; sourceTree = SOURCE_ROOT; };
		AC34453F25638A2300C0D668 /* DoctorListView.swift */ = {isa = PBXFileReference; lastKnownFileType = sourcecode.swift; name = DoctorListView.swift; path = PRO/Utils/DoctorListView.swift; sourceTree = SOURCE_ROOT; };
		AC34454725638B3D00C0D668 /* ActivityListView.swift */ = {isa = PBXFileReference; lastKnownFileType = sourcecode.swift; path = ActivityListView.swift; sourceTree = "<group>"; };
		AC34454C25638B5C00C0D668 /* PharmacyListView.swift */ = {isa = PBXFileReference; lastKnownFileType = sourcecode.swift; path = PharmacyListView.swift; sourceTree = "<group>"; };
		AC34455125638B6B00C0D668 /* ClientListView.swift */ = {isa = PBXFileReference; lastKnownFileType = sourcecode.swift; path = ClientListView.swift; sourceTree = "<group>"; };
		AC3E5C1A25AB78CE00C70FC2 /* DoctorFormView.swift */ = {isa = PBXFileReference; lastKnownFileType = sourcecode.swift; path = DoctorFormView.swift; sourceTree = "<group>"; };
		AC59E95B2576B82F00121387 /* GenericViews.swift */ = {isa = PBXFileReference; lastKnownFileType = sourcecode.swift; path = GenericViews.swift; sourceTree = "<group>"; };
		AC59E99C257B400800121387 /* AppManage.swift */ = {isa = PBXFileReference; lastKnownFileType = sourcecode.swift; path = AppManage.swift; sourceTree = "<group>"; };
		AC59E9A1257B424000121387 /* PanelCardView.swift */ = {isa = PBXFileReference; lastKnownFileType = sourcecode.swift; path = PanelCardView.swift; sourceTree = "<group>"; };
		AC59E9A6257B425F00121387 /* ClientFormView.swift */ = {isa = PBXFileReference; lastKnownFileType = sourcecode.swift; path = ClientFormView.swift; sourceTree = "<group>"; };
		AC5B9766256CB12E0007500D /* AppMenuView.swift */ = {isa = PBXFileReference; lastKnownFileType = sourcecode.swift; path = AppMenuView.swift; sourceTree = "<group>"; };
		AC60C1E5274745B200294834 /* PatientListView.swift */ = {isa = PBXFileReference; lastKnownFileType = sourcecode.swift; path = PatientListView.swift; sourceTree = "<group>"; };
		AC60C1EA2747495F00294834 /* PotentialListView.swift */ = {isa = PBXFileReference; lastKnownFileType = sourcecode.swift; path = PotentialListView.swift; sourceTree = "<group>"; };
		AC60C1EF274749C400294834 /* PotentialFormView.swift */ = {isa = PBXFileReference; lastKnownFileType = sourcecode.swift; path = PotentialFormView.swift; sourceTree = "<group>"; };
		AC60C1F427474A0800294834 /* PatientFormView.swift */ = {isa = PBXFileReference; lastKnownFileType = sourcecode.swift; path = PatientFormView.swift; sourceTree = "<group>"; };
		AC60C1F927474A4100294834 /* PharmacyFormView.swift */ = {isa = PBXFileReference; lastKnownFileType = sourcecode.swift; path = PharmacyFormView.swift; sourceTree = "<group>"; };
		AC60C1FE274750E200294834 /* PanelGenericViews.swift */ = {isa = PBXFileReference; lastKnownFileType = sourcecode.swift; path = PanelGenericViews.swift; sourceTree = "<group>"; };
		AC62C2D825A7D0E600FA5868 /* DynamicFormView.swift */ = {isa = PBXFileReference; lastKnownFileType = sourcecode.swift; path = DynamicFormView.swift; sourceTree = "<group>"; };
		AC62C2DD25A7D12700FA5868 /* DynamicForm.swift */ = {isa = PBXFileReference; lastKnownFileType = sourcecode.swift; path = DynamicForm.swift; sourceTree = "<group>"; };
		AC6F1F1F24FF2978005E57DC /* PRO.app */ = {isa = PBXFileReference; explicitFileType = wrapper.application; includeInIndex = 0; path = PRO.app; sourceTree = BUILT_PRODUCTS_DIR; };
		AC6F1F2224FF2978005E57DC /* AppDelegate.swift */ = {isa = PBXFileReference; lastKnownFileType = sourcecode.swift; path = AppDelegate.swift; sourceTree = "<group>"; };
		AC6F1F2424FF2978005E57DC /* SceneDelegate.swift */ = {isa = PBXFileReference; lastKnownFileType = sourcecode.swift; path = SceneDelegate.swift; sourceTree = "<group>"; };
		AC6F1F2624FF2978005E57DC /* ContentView.swift */ = {isa = PBXFileReference; lastKnownFileType = sourcecode.swift; path = ContentView.swift; sourceTree = "<group>"; };
		AC6F1F2824FF297A005E57DC /* Assets.xcassets */ = {isa = PBXFileReference; lastKnownFileType = folder.assetcatalog; path = Assets.xcassets; sourceTree = "<group>"; };
		AC6F1F2B24FF297A005E57DC /* Preview Assets.xcassets */ = {isa = PBXFileReference; lastKnownFileType = folder.assetcatalog; path = "Preview Assets.xcassets"; sourceTree = "<group>"; };
		AC6F1F2E24FF297A005E57DC /* Base */ = {isa = PBXFileReference; lastKnownFileType = file.storyboard; name = Base; path = Base.lproj/LaunchScreen.storyboard; sourceTree = "<group>"; };
		AC6F1F3024FF297A005E57DC /* Info.plist */ = {isa = PBXFileReference; lastKnownFileType = text.plist.xml; path = Info.plist; sourceTree = "<group>"; };
		AC6F1F3524FF297B005E57DC /* PROTests.xctest */ = {isa = PBXFileReference; explicitFileType = wrapper.cfbundle; includeInIndex = 0; path = PROTests.xctest; sourceTree = BUILT_PRODUCTS_DIR; };
		AC6F1F3924FF297B005E57DC /* PROTests.swift */ = {isa = PBXFileReference; lastKnownFileType = sourcecode.swift; path = PROTests.swift; sourceTree = "<group>"; };
		AC6F1F3B24FF297B005E57DC /* Info.plist */ = {isa = PBXFileReference; lastKnownFileType = text.plist.xml; path = Info.plist; sourceTree = "<group>"; };
		AC6F1F4024FF297B005E57DC /* PROUITests.xctest */ = {isa = PBXFileReference; explicitFileType = wrapper.cfbundle; includeInIndex = 0; path = PROUITests.xctest; sourceTree = BUILT_PRODUCTS_DIR; };
		AC6F1F4424FF297B005E57DC /* PROUITests.swift */ = {isa = PBXFileReference; lastKnownFileType = sourcecode.swift; path = PROUITests.swift; sourceTree = "<group>"; };
		AC6F1F4624FF297B005E57DC /* Info.plist */ = {isa = PBXFileReference; lastKnownFileType = text.plist.xml; path = Info.plist; sourceTree = "<group>"; };
		AC78D2E626D54A2D00674A4F /* EnvObjects.swift */ = {isa = PBXFileReference; lastKnownFileType = sourcecode.swift; path = EnvObjects.swift; sourceTree = "<group>"; };
		AC78D2EB26D54FA900674A4F /* DialogPickers.swift */ = {isa = PBXFileReference; lastKnownFileType = sourcecode.swift; path = DialogPickers.swift; sourceTree = "<group>"; };
		AC78D2F026D5551D00674A4F /* RealmDao.swift */ = {isa = PBXFileReference; lastKnownFileType = sourcecode.swift; path = RealmDao.swift; sourceTree = "<group>"; };
		AC78D2F626D563ED00674A4F /* MaterialDeliveryView.swift */ = {isa = PBXFileReference; lastKnownFileType = sourcecode.swift; path = MaterialDeliveryView.swift; sourceTree = "<group>"; };
		AC78D2FE26D5641600674A4F /* MaterialRequestView.swift */ = {isa = PBXFileReference; lastKnownFileType = sourcecode.swift; path = MaterialRequestView.swift; sourceTree = "<group>"; };
		AC82D63926D3E3D100701D3D /* ContactListView.swift */ = {isa = PBXFileReference; lastKnownFileType = sourcecode.swift; path = ContactListView.swift; sourceTree = "<group>"; };
		AC893F782549BD07009E1C43 /* GoogleService-Info.plist */ = {isa = PBXFileReference; fileEncoding = 4; lastKnownFileType = text.plist.xml; path = "GoogleService-Info.plist"; sourceTree = "<group>"; };
		AC893F802549BF5E009E1C43 /* PRO.entitlements */ = {isa = PBXFileReference; lastKnownFileType = text.plist.entitlements; path = PRO.entitlements; sourceTree = "<group>"; };
		AC893F8D2549C1CC009E1C43 /* UserSettings.swift */ = {isa = PBXFileReference; lastKnownFileType = sourcecode.swift; path = UserSettings.swift; sourceTree = "<group>"; };
		AC893F922549C1EF009E1C43 /* Utils.swift */ = {isa = PBXFileReference; lastKnownFileType = sourcecode.swift; path = Utils.swift; sourceTree = "<group>"; };
		AC893F972549C20B009E1C43 /* Globals.swift */ = {isa = PBXFileReference; lastKnownFileType = sourcecode.swift; path = Globals.swift; sourceTree = "<group>"; };
		AC893FD5254B1435009E1C43 /* EnvironmentRouters.swift */ = {isa = PBXFileReference; fileEncoding = 4; lastKnownFileType = sourcecode.swift; path = EnvironmentRouters.swift; sourceTree = "<group>"; };
		AC893FEB254C80C9009E1C43 /* LoginView.swift */ = {isa = PBXFileReference; lastKnownFileType = sourcecode.swift; path = LoginView.swift; sourceTree = "<group>"; };
		AC893FF3254C846E009E1C43 /* Widgets.swift */ = {isa = PBXFileReference; lastKnownFileType = sourcecode.swift; path = Widgets.swift; sourceTree = "<group>"; };
		ACA106C82575841600FDD7E4 /* WrapperView.swift */ = {isa = PBXFileReference; lastKnownFileType = sourcecode.swift; path = WrapperView.swift; sourceTree = "<group>"; };
		ACA106CF2575907900FDD7E4 /* RequestDayView.swift */ = {isa = PBXFileReference; lastKnownFileType = sourcecode.swift; name = RequestDayView.swift; path = PRO/Views/RequestDayView.swift; sourceTree = SOURCE_ROOT; };
		ACA106DC2575966B00FDD7E4 /* HeaderToggleView.swift */ = {isa = PBXFileReference; lastKnownFileType = sourcecode.swift; path = HeaderToggleView.swift; sourceTree = "<group>"; };
		ACA106E12575E8D000FDD7E4 /* SupportView.swift */ = {isa = PBXFileReference; lastKnownFileType = sourcecode.swift; path = SupportView.swift; sourceTree = "<group>"; };
		ACA106F42575F77800FDD7E4 /* RealmMVVM.swift */ = {isa = PBXFileReference; lastKnownFileType = sourcecode.swift; path = RealmMVVM.swift; sourceTree = "<group>"; };
		ACA15F452591AB2300E92FF2 /* PanelLocationView.swift */ = {isa = PBXFileReference; lastKnownFileType = sourcecode.swift; path = PanelLocationView.swift; sourceTree = "<group>"; };
		ACA15F4B25923BF700E92FF2 /* LocationManager.swift */ = {isa = PBXFileReference; lastKnownFileType = sourcecode.swift; name = LocationManager.swift; path = PRO/Views/Core/Panel/LocationManager.swift; sourceTree = SOURCE_ROOT; };
		ACB50CC5274321C800F9D6B7 /* CommonUtils.swift */ = {isa = PBXFileReference; lastKnownFileType = sourcecode.swift; path = CommonUtils.swift; sourceTree = "<group>"; };
		ACB50CCA2743563700F9D6B7 /* FileUtils.swift */ = {isa = PBXFileReference; lastKnownFileType = sourcecode.swift; path = FileUtils.swift; sourceTree = "<group>"; };
		ACC05337255057C600B9753A /* Extensions.swift */ = {isa = PBXFileReference; lastKnownFileType = sourcecode.swift; path = Extensions.swift; sourceTree = "<group>"; };
		ACC0533D2550628900B9753A /* MediaServer.swift */ = {isa = PBXFileReference; fileEncoding = 4; lastKnownFileType = sourcecode.swift; path = MediaServer.swift; sourceTree = "<group>"; };
		ACC0533E2550628F00B9753A /* NetworkService.swift */ = {isa = PBXFileReference; fileEncoding = 4; lastKnownFileType = sourcecode.swift; path = NetworkService.swift; sourceTree = "<group>"; };
		ACC0533F2550629500B9753A /* AppServer.swift */ = {isa = PBXFileReference; fileEncoding = 4; lastKnownFileType = sourcecode.swift; path = AppServer.swift; sourceTree = "<group>"; };
		ACC05346255062F100B9753A /* MasterView.swift */ = {isa = PBXFileReference; lastKnownFileType = sourcecode.swift; path = MasterView.swift; sourceTree = "<group>"; };
		ACC05351255067EC00B9753A /* en */ = {isa = PBXFileReference; lastKnownFileType = text.plist.strings; name = en; path = en.lproj/Localizable.strings; sourceTree = "<group>"; };
		ACC053572550981E00B9753A /* AuthService.swift */ = {isa = PBXFileReference; lastKnownFileType = sourcecode.swift; name = AuthService.swift; path = PRO/AuthService.swift; sourceTree = SOURCE_ROOT; };
		ACC0535F2550A63700B9753A /* InitView.swift */ = {isa = PBXFileReference; lastKnownFileType = sourcecode.swift; path = InitView.swift; sourceTree = "<group>"; };
		ACC053932550DA1800B9753A /* VMCoreData.swift */ = {isa = PBXFileReference; lastKnownFileType = sourcecode.swift; path = VMCoreData.swift; sourceTree = "<group>"; };
		ACC0539B2550DA2300B9753A /* VMConfigData.swift */ = {isa = PBXFileReference; lastKnownFileType = sourcecode.swift; path = VMConfigData.swift; sourceTree = "<group>"; };
		ACC128302581184E00595078 /* MovementListView.swift */ = {isa = PBXFileReference; lastKnownFileType = sourcecode.swift; path = MovementListView.swift; sourceTree = "<group>"; };
		ACC1963825A4CAA200C5EE3E /* RouteListView.swift */ = {isa = PBXFileReference; lastKnownFileType = sourcecode.swift; path = RouteListView.swift; sourceTree = "<group>"; };
		ACC1963D25A4D51700C5EE3E /* RouteFormView.swift */ = {isa = PBXFileReference; lastKnownFileType = sourcecode.swift; path = RouteFormView.swift; sourceTree = "<group>"; };
		ACC49D1A2750881E0078F7CA /* LocationService.swift */ = {isa = PBXFileReference; lastKnownFileType = sourcecode.swift; path = LocationService.swift; sourceTree = "<group>"; };
		ACDD64B6274C0FDA00D2C340 /* PanelStockView.swift */ = {isa = PBXFileReference; lastKnownFileType = sourcecode.swift; path = PanelStockView.swift; sourceTree = "<group>"; };
		ACDD64BB274C104D00D2C340 /* PanelContactView.swift */ = {isa = PBXFileReference; lastKnownFileType = sourcecode.swift; path = PanelContactView.swift; sourceTree = "<group>"; };
		C4E77C755206DEF12A428160 /* Pods-PRO.debug.xcconfig */ = {isa = PBXFileReference; includeInIndex = 1; lastKnownFileType = text.xcconfig; name = "Pods-PRO.debug.xcconfig"; path = "Target Support Files/Pods-PRO/Pods-PRO.debug.xcconfig"; sourceTree = "<group>"; };
		E3C06D47BDA9998B4B375715 /* Pods_PRO.framework */ = {isa = PBXFileReference; explicitFileType = wrapper.framework; includeInIndex = 0; path = Pods_PRO.framework; sourceTree = BUILT_PRODUCTS_DIR; };
/* End PBXFileReference section */

/* Begin PBXFrameworksBuildPhase section */
		AC6F1F1C24FF2978005E57DC /* Frameworks */ = {
			isa = PBXFrameworksBuildPhase;
			buildActionMask = 2147483647;
			files = (
				AC562280274FDF1A00098C3A /* AWSAPIPlugin in Frameworks */,
				AC56227E274FDF1A00098C3A /* AWSS3StoragePlugin in Frameworks */,
				AC56227A274FDF1A00098C3A /* Amplify in Frameworks */,
				AC5B9762256CAE0F0007500D /* PartialSheet in Frameworks */,
				AC56227C274FDF1A00098C3A /* AWSCognitoAuthPlugin in Frameworks */,
				18C6927C84D38BA9EE3F545B /* Pods_PRO.framework in Frameworks */,
			);
			runOnlyForDeploymentPostprocessing = 0;
		};
		AC6F1F3224FF297B005E57DC /* Frameworks */ = {
			isa = PBXFrameworksBuildPhase;
			buildActionMask = 2147483647;
			files = (
				2FAF5A6336548F2D98AD4BAE /* Pods_PROTests.framework in Frameworks */,
			);
			runOnlyForDeploymentPostprocessing = 0;
		};
		AC6F1F3D24FF297B005E57DC /* Frameworks */ = {
			isa = PBXFrameworksBuildPhase;
			buildActionMask = 2147483647;
			files = (
				3A3473BE99512C06EBA024F5 /* Pods_PRO_PROUITests.framework in Frameworks */,
			);
			runOnlyForDeploymentPostprocessing = 0;
		};
/* End PBXFrameworksBuildPhase section */

/* Begin PBXGroup section */
		4F1BE5A3C1072809DEA16C7A /* AmplifyConfig */ = {
			isa = PBXGroup;
			children = (
				01C38C1E1CEFD504B2BF9AED /* awsconfiguration.json */,
				727D1891CD0D9128FF9FFABA /* amplifyconfiguration.json */,
			);
			name = AmplifyConfig;
			sourceTree = "<group>";
		};
		58B445CDF62E38B8C0B531FD /* Pods */ = {
			isa = PBXGroup;
			children = (
				C4E77C755206DEF12A428160 /* Pods-PRO.debug.xcconfig */,
				75A49B1FDE2D70469D403D67 /* Pods-PRO.release.xcconfig */,
				A07CCE38AA9FCCC721A567A7 /* Pods-PRO-PROUITests.debug.xcconfig */,
				3C4A6044C111C9D48B7331F7 /* Pods-PRO-PROUITests.release.xcconfig */,
				68134B15E467F03395CB862C /* Pods-PROTests.debug.xcconfig */,
				09088EBD37B79740C57A1DBB /* Pods-PROTests.release.xcconfig */,
			);
			path = Pods;
			sourceTree = "<group>";
		};
		AC13263925B737B9007CF049 /* Diary */ = {
			isa = PBXGroup;
			children = (
			);
			path = Diary;
			sourceTree = "<group>";
		};
		AC13263A25B737BF007CF049 /* Movement */ = {
			isa = PBXGroup;
			children = (
				AC13263B25B737E5007CF049 /* MovementFormView.swift */,
				AC1AF8C3274DEC67002658B6 /* MovementFormTabsView.swift */,
			);
			path = Movement;
			sourceTree = "<group>";
		};
		AC3444C82562C70300C0D668 /* Download */ = {
			isa = PBXGroup;
			children = (
				AC3444C92562C72400C0D668 /* SyncRecurrentService.swift */,
				AC3444D62562CA4E00C0D668 /* SyncDataService.swift */,
			);
			path = Download;
			sourceTree = "<group>";
		};
		AC3444DB2562CCD300C0D668 /* Upload */ = {
			isa = PBXGroup;
			children = (
			);
			path = Upload;
			sourceTree = "<group>";
		};
		AC3444E12563664900C0D668 /* Dashboard */ = {
			isa = PBXGroup;
			children = (
				AC3445342563896300C0D668 /* DashboardPanelTabs */,
				AC34451725637F1800C0D668 /* NotificationPanelTabs */,
				AC3444E22563683F00C0D668 /* SLAIDPanelView.swift */,
				AC3444EA256368C200C0D668 /* DashboardPanelView.swift */,
				AC3444EF2563691B00C0D668 /* NotificationPanelView.swift */,
			);
			path = Dashboard;
			sourceTree = "<group>";
		};
		AC34450E2563738000C0D668 /* CustomViews */ = {
			isa = PBXGroup;
			children = (
				AC17AD85274426DA002A376B /* ViewerDialogs.swift */,
				AC34450F256373BE00C0D668 /* GMSView.swift */,
				AC5B9766256CB12E0007500D /* AppMenuView.swift */,
				ACA106DC2575966B00FDD7E4 /* HeaderToggleView.swift */,
				AC59E95B2576B82F00121387 /* GenericViews.swift */,
				AC62C2D825A7D0E600FA5868 /* DynamicFormView.swift */,
			);
			path = CustomViews;
			sourceTree = "<group>";
		};
		AC34451725637F1800C0D668 /* NotificationPanelTabs */ = {
			isa = PBXGroup;
			children = (
				AC34451825637F3700C0D668 /* DashboardTabView.swift */,
				AC34452025637F4B00C0D668 /* BirthdayTabView.swift */,
				AC34452525637F5F00C0D668 /* MessageTabView.swift */,
				AC34452A25637F7000C0D668 /* NotificationTabView.swift */,
			);
			path = NotificationPanelTabs;
			sourceTree = "<group>";
		};
		AC3445342563896300C0D668 /* DashboardPanelTabs */ = {
			isa = PBXGroup;
			children = (
				AC344535256389A800C0D668 /* DiaryListTabView.swift */,
			);
			path = DashboardPanelTabs;
			sourceTree = "<group>";
		};
		AC34453D256389E000C0D668 /* Core */ = {
			isa = PBXGroup;
			children = (
				AC60C1E12747457500294834 /* Patient */,
				AC34454625638AD800C0D668 /* Activity */,
				AC34454425638ABE00C0D668 /* Client */,
				AC13263925B737B9007CF049 /* Diary */,
				AC78D2F526D5632F00674A4F /* Material */,
				AC34453E25638A1500C0D668 /* Medic */,
				AC13263A25B737BF007CF049 /* Movement */,
				ACA106CE2575906500FDD7E4 /* Others */,
				ACC128272581127C00595078 /* Panel */,
				AC34454525638AC800C0D668 /* Pharmacy */,
				ACA106CD25758F8800FDD7E4 /* Potential */,
				ACC1283A2583D82F00595078 /* Route */,
			);
			path = Core;
			sourceTree = "<group>";
		};
		AC34453E25638A1500C0D668 /* Medic */ = {
			isa = PBXGroup;
			children = (
				AC34453F25638A2300C0D668 /* DoctorListView.swift */,
				AC3E5C1A25AB78CE00C70FC2 /* DoctorFormView.swift */,
			);
			path = Medic;
			sourceTree = "<group>";
		};
		AC34454425638ABE00C0D668 /* Client */ = {
			isa = PBXGroup;
			children = (
				AC34455125638B6B00C0D668 /* ClientListView.swift */,
				AC59E9A6257B425F00121387 /* ClientFormView.swift */,
			);
			path = Client;
			sourceTree = "<group>";
		};
		AC34454525638AC800C0D668 /* Pharmacy */ = {
			isa = PBXGroup;
			children = (
				AC34454C25638B5C00C0D668 /* PharmacyListView.swift */,
				AC60C1F927474A4100294834 /* PharmacyFormView.swift */,
			);
			path = Pharmacy;
			sourceTree = "<group>";
		};
		AC34454625638AD800C0D668 /* Activity */ = {
			isa = PBXGroup;
			children = (
				AC34454725638B3D00C0D668 /* ActivityListView.swift */,
				AC22180B27624F9C00815E4E /* ActivityFormView.swift */,
				2E11FEA8278F635D0087AA66 /* ActivitySummaryView.swift */,
			);
			path = Activity;
			sourceTree = "<group>";
		};
		AC60C1E12747457500294834 /* Patient */ = {
			isa = PBXGroup;
			children = (
				AC60C1E5274745B200294834 /* PatientListView.swift */,
				AC60C1F427474A0800294834 /* PatientFormView.swift */,
			);
			path = Patient;
			sourceTree = "<group>";
		};
		AC6F1F1624FF2978005E57DC = {
			isa = PBXGroup;
			children = (
				AC6F1F2124FF2978005E57DC /* PRO */,
				AC6F1F3824FF297B005E57DC /* PROTests */,
				AC6F1F4324FF297B005E57DC /* PROUITests */,
				AC6F1F2024FF2978005E57DC /* Products */,
				58B445CDF62E38B8C0B531FD /* Pods */,
				4F1BE5A3C1072809DEA16C7A /* AmplifyConfig */,
				DC4E2ECCE554F43550B7CA03 /* Frameworks */,
			);
			sourceTree = "<group>";
		};
		AC6F1F2024FF2978005E57DC /* Products */ = {
			isa = PBXGroup;
			children = (
				AC6F1F1F24FF2978005E57DC /* PRO.app */,
				AC6F1F3524FF297B005E57DC /* PROTests.xctest */,
				AC6F1F4024FF297B005E57DC /* PROUITests.xctest */,
			);
			name = Products;
			sourceTree = "<group>";
		};
		AC6F1F2124FF2978005E57DC /* PRO */ = {
			isa = PBXGroup;
			children = (
				ACA106EB2575F73700FDD7E4 /* MVVM */,
				ACC053922550D9D200B9753A /* Entities */,
				AC6F1F2224FF2978005E57DC /* AppDelegate.swift */,
				AC6F1F2824FF297A005E57DC /* Assets.xcassets */,
				AC6F1F2624FF2978005E57DC /* ContentView.swift */,
				AC893F782549BD07009E1C43 /* GoogleService-Info.plist */,
				AC6F1F3024FF297A005E57DC /* Info.plist */,
				AC6F1F2D24FF297A005E57DC /* LaunchScreen.storyboard */,
				ACC05352255067EC00B9753A /* Localizable.strings */,
				ACC0533C2550625F00B9753A /* Network */,
				AC6F1F2A24FF297A005E57DC /* Preview Content */,
				AC893F802549BF5E009E1C43 /* PRO.entitlements */,
				AC6F1F2424FF2978005E57DC /* SceneDelegate.swift */,
				ACC053562550981300B9753A /* Services */,
				AC893F842549C012009E1C43 /* Utils */,
				AC893FEA254C80AE009E1C43 /* Views */,
			);
			path = PRO;
			sourceTree = "<group>";
		};
		AC6F1F2A24FF297A005E57DC /* Preview Content */ = {
			isa = PBXGroup;
			children = (
				AC6F1F2B24FF297A005E57DC /* Preview Assets.xcassets */,
			);
			path = "Preview Content";
			sourceTree = "<group>";
		};
		AC6F1F3824FF297B005E57DC /* PROTests */ = {
			isa = PBXGroup;
			children = (
				AC6F1F3924FF297B005E57DC /* PROTests.swift */,
				AC6F1F3B24FF297B005E57DC /* Info.plist */,
			);
			path = PROTests;
			sourceTree = "<group>";
		};
		AC6F1F4324FF297B005E57DC /* PROUITests */ = {
			isa = PBXGroup;
			children = (
				AC6F1F4424FF297B005E57DC /* PROUITests.swift */,
				AC6F1F4624FF297B005E57DC /* Info.plist */,
			);
			path = PROUITests;
			sourceTree = "<group>";
		};
		AC78D2F526D5632F00674A4F /* Material */ = {
			isa = PBXGroup;
			children = (
				AC78D2F626D563ED00674A4F /* MaterialDeliveryView.swift */,
				AC78D2FE26D5641600674A4F /* MaterialRequestView.swift */,
			);
			path = Material;
			sourceTree = "<group>";
		};
		AC893F842549C012009E1C43 /* Utils */ = {
			isa = PBXGroup;
			children = (
				AC893FD5254B1435009E1C43 /* EnvironmentRouters.swift */,
				AC893F8D2549C1CC009E1C43 /* UserSettings.swift */,
				AC893F922549C1EF009E1C43 /* Utils.swift */,
				AC893F972549C20B009E1C43 /* Globals.swift */,
				AC893FF3254C846E009E1C43 /* Widgets.swift */,
				ACC05337255057C600B9753A /* Extensions.swift */,
				AC34452F2563880F00C0D668 /* DashboardRouter.swift */,
				AC78D2E626D54A2D00674A4F /* EnvObjects.swift */,
				AC78D2EB26D54FA900674A4F /* DialogPickers.swift */,
				ACB50CC5274321C800F9D6B7 /* CommonUtils.swift */,
				ACB50CCA2743563700F9D6B7 /* FileUtils.swift */,
			);
			path = Utils;
			sourceTree = "<group>";
		};
		AC893FEA254C80AE009E1C43 /* Views */ = {
			isa = PBXGroup;
			children = (
				AC34453D256389E000C0D668 /* Core */,
				AC34450E2563738000C0D668 /* CustomViews */,
				AC3444E12563664900C0D668 /* Dashboard */,
				ACC0535F2550A63700B9753A /* InitView.swift */,
				AC893FEB254C80C9009E1C43 /* LoginView.swift */,
				ACC05346255062F100B9753A /* MasterView.swift */,
				ACA106C82575841600FDD7E4 /* WrapperView.swift */,
			);
			path = Views;
			sourceTree = "<group>";
		};
		ACA106CD25758F8800FDD7E4 /* Potential */ = {
			isa = PBXGroup;
			children = (
				AC60C1EA2747495F00294834 /* PotentialListView.swift */,
				AC60C1EF274749C400294834 /* PotentialFormView.swift */,
			);
			path = Potential;
			sourceTree = "<group>";
		};
		ACA106CE2575906500FDD7E4 /* Others */ = {
			isa = PBXGroup;
			children = (
				ACA106CF2575907900FDD7E4 /* RequestDayView.swift */,
				ACA106E12575E8D000FDD7E4 /* SupportView.swift */,
				AC59E9A1257B424000121387 /* PanelCardView.swift */,
			);
			path = Others;
			sourceTree = "<group>";
		};
		ACA106EB2575F73700FDD7E4 /* MVVM */ = {
			isa = PBXGroup;
			children = (
				ACA106F42575F77800FDD7E4 /* RealmMVVM.swift */,
				AC78D2F026D5551D00674A4F /* RealmDao.swift */,
			);
			name = MVVM;
			path = "New Group";
			sourceTree = "<group>";
		};
		ACA15F4A25923BEA00E92FF2 /* Managers */ = {
			isa = PBXGroup;
			children = (
				ACA15F4B25923BF700E92FF2 /* LocationManager.swift */,
			);
			path = Managers;
			sourceTree = "<group>";
		};
		ACC0533C2550625F00B9753A /* Network */ = {
			isa = PBXGroup;
			children = (
				ACC0533F2550629500B9753A /* AppServer.swift */,
				ACC0533D2550628900B9753A /* MediaServer.swift */,
				ACC0533E2550628F00B9753A /* NetworkService.swift */,
			);
			path = Network;
			sourceTree = "<group>";
		};
		ACC053562550981300B9753A /* Services */ = {
			isa = PBXGroup;
			children = (
				ACA15F4A25923BEA00E92FF2 /* Managers */,
				AC3444DB2562CCD300C0D668 /* Upload */,
				AC3444C82562C70300C0D668 /* Download */,
				ACC053572550981E00B9753A /* AuthService.swift */,
				AC3444C32562C66900C0D668 /* RequestOperation.swift */,
				AC3444DC2562CCE200C0D668 /* SyncService.swift */,
				ACC49D1A2750881E0078F7CA /* LocationService.swift */,
			);
			path = Services;
			sourceTree = "<group>";
		};
		ACC053922550D9D200B9753A /* Entities */ = {
			isa = PBXGroup;
			children = (
				ACC053932550DA1800B9753A /* VMCoreData.swift */,
				ACC0539B2550DA2300B9753A /* VMConfigData.swift */,
				AC59E99C257B400800121387 /* AppManage.swift */,
				AC62C2DD25A7D12700FA5868 /* DynamicForm.swift */,
			);
			path = Entities;
			sourceTree = "<group>";
		};
		ACC128272581127C00595078 /* Panel */ = {
			isa = PBXGroup;
			children = (
				ACDD64BB274C104D00D2C340 /* PanelContactView.swift */,
				ACC128302581184E00595078 /* MovementListView.swift */,
				ACA15F452591AB2300E92FF2 /* PanelLocationView.swift */,
				AC82D63926D3E3D100701D3D /* ContactListView.swift */,
				AC60C1FE274750E200294834 /* PanelGenericViews.swift */,
				ACDD64B6274C0FDA00D2C340 /* PanelStockView.swift */,
			);
			path = Panel;
			sourceTree = "<group>";
		};
		ACC1283A2583D82F00595078 /* Route */ = {
			isa = PBXGroup;
			children = (
				ACC1963825A4CAA200C5EE3E /* RouteListView.swift */,
				ACC1963D25A4D51700C5EE3E /* RouteFormView.swift */,
				2E5431D3272B540E00B99B2A /* RouteView.swift */,
			);
			name = Route;
			path = "New Group";
			sourceTree = "<group>";
		};
		DC4E2ECCE554F43550B7CA03 /* Frameworks */ = {
			isa = PBXGroup;
			children = (
				E3C06D47BDA9998B4B375715 /* Pods_PRO.framework */,
				38C7C9F320FB5C095FED1876 /* Pods_PRO_PROUITests.framework */,
				AB8F1CF126A59CADCF161A74 /* Pods_PROTests.framework */,
			);
			name = Frameworks;
			sourceTree = "<group>";
		};
/* End PBXGroup section */

/* Begin PBXNativeTarget section */
		AC6F1F1E24FF2978005E57DC /* PRO */ = {
			isa = PBXNativeTarget;
			buildConfigurationList = AC6F1F4924FF297B005E57DC /* Build configuration list for PBXNativeTarget "PRO" */;
			buildPhases = (
				4DDCCD5282F4719B665B4595 /* [CP] Check Pods Manifest.lock */,
				AC6F1F1B24FF2978005E57DC /* Sources */,
				AC6F1F1C24FF2978005E57DC /* Frameworks */,
				AC6F1F1D24FF2978005E57DC /* Resources */,
				0C21E262EA776723BF3D8F9C /* [CP] Embed Pods Frameworks */,
				3356B03791B8A3B4B22FE37A /* [CP] Copy Pods Resources */,
			);
			buildRules = (
			);
			dependencies = (
			);
			name = PRO;
			packageProductDependencies = (
				AC5B9761256CAE0F0007500D /* PartialSheet */,
				AC562279274FDF1A00098C3A /* Amplify */,
				AC56227B274FDF1A00098C3A /* AWSCognitoAuthPlugin */,
				AC56227D274FDF1A00098C3A /* AWSS3StoragePlugin */,
				AC56227F274FDF1A00098C3A /* AWSAPIPlugin */,
			);
			productName = PRO;
			productReference = AC6F1F1F24FF2978005E57DC /* PRO.app */;
			productType = "com.apple.product-type.application";
		};
		AC6F1F3424FF297B005E57DC /* PROTests */ = {
			isa = PBXNativeTarget;
			buildConfigurationList = AC6F1F4C24FF297B005E57DC /* Build configuration list for PBXNativeTarget "PROTests" */;
			buildPhases = (
				F577DC74D6751FCE94EBC280 /* [CP] Check Pods Manifest.lock */,
				AC6F1F3124FF297B005E57DC /* Sources */,
				AC6F1F3224FF297B005E57DC /* Frameworks */,
				AC6F1F3324FF297B005E57DC /* Resources */,
			);
			buildRules = (
			);
			dependencies = (
				AC6F1F3724FF297B005E57DC /* PBXTargetDependency */,
			);
			name = PROTests;
			productName = PROTests;
			productReference = AC6F1F3524FF297B005E57DC /* PROTests.xctest */;
			productType = "com.apple.product-type.bundle.unit-test";
		};
		AC6F1F3F24FF297B005E57DC /* PROUITests */ = {
			isa = PBXNativeTarget;
			buildConfigurationList = AC6F1F4F24FF297B005E57DC /* Build configuration list for PBXNativeTarget "PROUITests" */;
			buildPhases = (
				B89DCDFFFAC51295F8277B06 /* [CP] Check Pods Manifest.lock */,
				AC6F1F3C24FF297B005E57DC /* Sources */,
				AC6F1F3D24FF297B005E57DC /* Frameworks */,
				AC6F1F3E24FF297B005E57DC /* Resources */,
				9B4A024FBCEFF1D9214CF325 /* [CP] Embed Pods Frameworks */,
				015BFCF495963B02141EA561 /* [CP] Copy Pods Resources */,
			);
			buildRules = (
			);
			dependencies = (
				AC6F1F4224FF297B005E57DC /* PBXTargetDependency */,
			);
			name = PROUITests;
			productName = PROUITests;
			productReference = AC6F1F4024FF297B005E57DC /* PROUITests.xctest */;
			productType = "com.apple.product-type.bundle.ui-testing";
		};
/* End PBXNativeTarget section */

/* Begin PBXProject section */
		AC6F1F1724FF2978005E57DC /* Project object */ = {
			isa = PBXProject;
			attributes = {
				LastSwiftUpdateCheck = 1160;
				LastUpgradeCheck = 1220;
				ORGANIZATIONNAME = VMO;
				TargetAttributes = {
					AC6F1F1E24FF2978005E57DC = {
						CreatedOnToolsVersion = 11.6;
					};
					AC6F1F3424FF297B005E57DC = {
						CreatedOnToolsVersion = 11.6;
						TestTargetID = AC6F1F1E24FF2978005E57DC;
					};
					AC6F1F3F24FF297B005E57DC = {
						CreatedOnToolsVersion = 11.6;
						TestTargetID = AC6F1F1E24FF2978005E57DC;
					};
				};
			};
			buildConfigurationList = AC6F1F1A24FF2978005E57DC /* Build configuration list for PBXProject "PRO" */;
			compatibilityVersion = "Xcode 9.3";
			developmentRegion = en;
			hasScannedForEncodings = 0;
			knownRegions = (
				en,
				Base,
			);
			mainGroup = AC6F1F1624FF2978005E57DC;
			packageReferences = (
				AC5B9760256CAE0F0007500D /* XCRemoteSwiftPackageReference "PartialSheet.git" */,
				AC562278274FDF1A00098C3A /* XCRemoteSwiftPackageReference "amplify-ios" */,
			);
			productRefGroup = AC6F1F2024FF2978005E57DC /* Products */;
			projectDirPath = "";
			projectRoot = "";
			targets = (
				AC6F1F1E24FF2978005E57DC /* PRO */,
				AC6F1F3424FF297B005E57DC /* PROTests */,
				AC6F1F3F24FF297B005E57DC /* PROUITests */,
			);
		};
/* End PBXProject section */

/* Begin PBXResourcesBuildPhase section */
		AC6F1F1D24FF2978005E57DC /* Resources */ = {
			isa = PBXResourcesBuildPhase;
			buildActionMask = 2147483647;
			files = (
				ACC05350255067EC00B9753A /* Localizable.strings in Resources */,
				AC6F1F2F24FF297A005E57DC /* LaunchScreen.storyboard in Resources */,
				AC6F1F2C24FF297A005E57DC /* Preview Assets.xcassets in Resources */,
				AC6F1F2924FF297A005E57DC /* Assets.xcassets in Resources */,
				AC893F792549BD07009E1C43 /* GoogleService-Info.plist in Resources */,
				BDFA1EC1EA0C8934704614E0 /* awsconfiguration.json in Resources */,
				76900EE4C2D9C9D1BCC38AA3 /* amplifyconfiguration.json in Resources */,
			);
			runOnlyForDeploymentPostprocessing = 0;
		};
		AC6F1F3324FF297B005E57DC /* Resources */ = {
			isa = PBXResourcesBuildPhase;
			buildActionMask = 2147483647;
			files = (
			);
			runOnlyForDeploymentPostprocessing = 0;
		};
		AC6F1F3E24FF297B005E57DC /* Resources */ = {
			isa = PBXResourcesBuildPhase;
			buildActionMask = 2147483647;
			files = (
			);
			runOnlyForDeploymentPostprocessing = 0;
		};
/* End PBXResourcesBuildPhase section */

/* Begin PBXShellScriptBuildPhase section */
		015BFCF495963B02141EA561 /* [CP] Copy Pods Resources */ = {
			isa = PBXShellScriptBuildPhase;
			buildActionMask = 2147483647;
			files = (
			);
			inputFileListPaths = (
				"${PODS_ROOT}/Target Support Files/Pods-PRO-PROUITests/Pods-PRO-PROUITests-resources-${CONFIGURATION}-input-files.xcfilelist",
			);
			name = "[CP] Copy Pods Resources";
			outputFileListPaths = (
				"${PODS_ROOT}/Target Support Files/Pods-PRO-PROUITests/Pods-PRO-PROUITests-resources-${CONFIGURATION}-output-files.xcfilelist",
			);
			runOnlyForDeploymentPostprocessing = 0;
			shellPath = /bin/sh;
			shellScript = "\"${PODS_ROOT}/Target Support Files/Pods-PRO-PROUITests/Pods-PRO-PROUITests-resources.sh\"\n";
			showEnvVarsInLog = 0;
		};
		0C21E262EA776723BF3D8F9C /* [CP] Embed Pods Frameworks */ = {
			isa = PBXShellScriptBuildPhase;
			buildActionMask = 2147483647;
			files = (
			);
			inputFileListPaths = (
				"${PODS_ROOT}/Target Support Files/Pods-PRO/Pods-PRO-frameworks-${CONFIGURATION}-input-files.xcfilelist",
			);
			name = "[CP] Embed Pods Frameworks";
			outputFileListPaths = (
				"${PODS_ROOT}/Target Support Files/Pods-PRO/Pods-PRO-frameworks-${CONFIGURATION}-output-files.xcfilelist",
			);
			runOnlyForDeploymentPostprocessing = 0;
			shellPath = /bin/sh;
			shellScript = "\"${PODS_ROOT}/Target Support Files/Pods-PRO/Pods-PRO-frameworks.sh\"\n";
			showEnvVarsInLog = 0;
		};
		3356B03791B8A3B4B22FE37A /* [CP] Copy Pods Resources */ = {
			isa = PBXShellScriptBuildPhase;
			buildActionMask = 2147483647;
			files = (
			);
			inputFileListPaths = (
				"${PODS_ROOT}/Target Support Files/Pods-PRO/Pods-PRO-resources-${CONFIGURATION}-input-files.xcfilelist",
			);
			name = "[CP] Copy Pods Resources";
			outputFileListPaths = (
				"${PODS_ROOT}/Target Support Files/Pods-PRO/Pods-PRO-resources-${CONFIGURATION}-output-files.xcfilelist",
			);
			runOnlyForDeploymentPostprocessing = 0;
			shellPath = /bin/sh;
			shellScript = "\"${PODS_ROOT}/Target Support Files/Pods-PRO/Pods-PRO-resources.sh\"\n";
			showEnvVarsInLog = 0;
		};
		4DDCCD5282F4719B665B4595 /* [CP] Check Pods Manifest.lock */ = {
			isa = PBXShellScriptBuildPhase;
			buildActionMask = 2147483647;
			files = (
			);
			inputFileListPaths = (
			);
			inputPaths = (
				"${PODS_PODFILE_DIR_PATH}/Podfile.lock",
				"${PODS_ROOT}/Manifest.lock",
			);
			name = "[CP] Check Pods Manifest.lock";
			outputFileListPaths = (
			);
			outputPaths = (
				"$(DERIVED_FILE_DIR)/Pods-PRO-checkManifestLockResult.txt",
			);
			runOnlyForDeploymentPostprocessing = 0;
			shellPath = /bin/sh;
			shellScript = "diff \"${PODS_PODFILE_DIR_PATH}/Podfile.lock\" \"${PODS_ROOT}/Manifest.lock\" > /dev/null\nif [ $? != 0 ] ; then\n    # print error to STDERR\n    echo \"error: The sandbox is not in sync with the Podfile.lock. Run 'pod install' or update your CocoaPods installation.\" >&2\n    exit 1\nfi\n# This output is used by Xcode 'outputs' to avoid re-running this script phase.\necho \"SUCCESS\" > \"${SCRIPT_OUTPUT_FILE_0}\"\n";
			showEnvVarsInLog = 0;
		};
		9B4A024FBCEFF1D9214CF325 /* [CP] Embed Pods Frameworks */ = {
			isa = PBXShellScriptBuildPhase;
			buildActionMask = 2147483647;
			files = (
			);
			inputFileListPaths = (
				"${PODS_ROOT}/Target Support Files/Pods-PRO-PROUITests/Pods-PRO-PROUITests-frameworks-${CONFIGURATION}-input-files.xcfilelist",
			);
			name = "[CP] Embed Pods Frameworks";
			outputFileListPaths = (
				"${PODS_ROOT}/Target Support Files/Pods-PRO-PROUITests/Pods-PRO-PROUITests-frameworks-${CONFIGURATION}-output-files.xcfilelist",
			);
			runOnlyForDeploymentPostprocessing = 0;
			shellPath = /bin/sh;
			shellScript = "\"${PODS_ROOT}/Target Support Files/Pods-PRO-PROUITests/Pods-PRO-PROUITests-frameworks.sh\"\n";
			showEnvVarsInLog = 0;
		};
		B89DCDFFFAC51295F8277B06 /* [CP] Check Pods Manifest.lock */ = {
			isa = PBXShellScriptBuildPhase;
			buildActionMask = 2147483647;
			files = (
			);
			inputFileListPaths = (
			);
			inputPaths = (
				"${PODS_PODFILE_DIR_PATH}/Podfile.lock",
				"${PODS_ROOT}/Manifest.lock",
			);
			name = "[CP] Check Pods Manifest.lock";
			outputFileListPaths = (
			);
			outputPaths = (
				"$(DERIVED_FILE_DIR)/Pods-PRO-PROUITests-checkManifestLockResult.txt",
			);
			runOnlyForDeploymentPostprocessing = 0;
			shellPath = /bin/sh;
			shellScript = "diff \"${PODS_PODFILE_DIR_PATH}/Podfile.lock\" \"${PODS_ROOT}/Manifest.lock\" > /dev/null\nif [ $? != 0 ] ; then\n    # print error to STDERR\n    echo \"error: The sandbox is not in sync with the Podfile.lock. Run 'pod install' or update your CocoaPods installation.\" >&2\n    exit 1\nfi\n# This output is used by Xcode 'outputs' to avoid re-running this script phase.\necho \"SUCCESS\" > \"${SCRIPT_OUTPUT_FILE_0}\"\n";
			showEnvVarsInLog = 0;
		};
		F577DC74D6751FCE94EBC280 /* [CP] Check Pods Manifest.lock */ = {
			isa = PBXShellScriptBuildPhase;
			buildActionMask = 2147483647;
			files = (
			);
			inputFileListPaths = (
			);
			inputPaths = (
				"${PODS_PODFILE_DIR_PATH}/Podfile.lock",
				"${PODS_ROOT}/Manifest.lock",
			);
			name = "[CP] Check Pods Manifest.lock";
			outputFileListPaths = (
			);
			outputPaths = (
				"$(DERIVED_FILE_DIR)/Pods-PROTests-checkManifestLockResult.txt",
			);
			runOnlyForDeploymentPostprocessing = 0;
			shellPath = /bin/sh;
			shellScript = "diff \"${PODS_PODFILE_DIR_PATH}/Podfile.lock\" \"${PODS_ROOT}/Manifest.lock\" > /dev/null\nif [ $? != 0 ] ; then\n    # print error to STDERR\n    echo \"error: The sandbox is not in sync with the Podfile.lock. Run 'pod install' or update your CocoaPods installation.\" >&2\n    exit 1\nfi\n# This output is used by Xcode 'outputs' to avoid re-running this script phase.\necho \"SUCCESS\" > \"${SCRIPT_OUTPUT_FILE_0}\"\n";
			showEnvVarsInLog = 0;
		};
/* End PBXShellScriptBuildPhase section */

/* Begin PBXSourcesBuildPhase section */
		AC6F1F1B24FF2978005E57DC /* Sources */ = {
			isa = PBXSourcesBuildPhase;
			buildActionMask = 2147483647;
			files = (
				AC344536256389A800C0D668 /* DiaryListTabView.swift in Sources */,
				AC22180C27624F9C00815E4E /* ActivityFormView.swift in Sources */,
				AC60C1FA27474A4100294834 /* PharmacyFormView.swift in Sources */,
				AC6F1F2324FF2978005E57DC /* AppDelegate.swift in Sources */,
				AC3444CA2562C72400C0D668 /* SyncRecurrentService.swift in Sources */,
				AC78D2F726D563ED00674A4F /* MaterialDeliveryView.swift in Sources */,
				AC60C1E6274745B200294834 /* PatientListView.swift in Sources */,
				ACDD64B7274C0FDA00D2C340 /* PanelStockView.swift in Sources */,
				AC13263C25B737E5007CF049 /* MovementFormView.swift in Sources */,
				AC59E9A2257B424000121387 /* PanelCardView.swift in Sources */,
				AC893FD6254B1435009E1C43 /* EnvironmentRouters.swift in Sources */,
				AC34455225638B6B00C0D668 /* ClientListView.swift in Sources */,
				ACC05347255062F100B9753A /* MasterView.swift in Sources */,
				AC3E5C1B25AB78CE00C70FC2 /* DoctorFormView.swift in Sources */,
				ACC053402550629500B9753A /* MediaServer.swift in Sources */,
				2E11FEA9278F635D0087AA66 /* ActivitySummaryView.swift in Sources */,
				ACA15F462591AB2300E92FF2 /* PanelLocationView.swift in Sources */,
				AC60C1F0274749C400294834 /* PotentialFormView.swift in Sources */,
				AC78D2EC26D54FA900674A4F /* DialogPickers.swift in Sources */,
				ACC1963E25A4D51700C5EE3E /* RouteFormView.swift in Sources */,
				AC59E9A7257B425F00121387 /* ClientFormView.swift in Sources */,
				ACDD64BC274C104D00D2C340 /* PanelContactView.swift in Sources */,
				AC59E99D257B400800121387 /* AppManage.swift in Sources */,
				AC3444C42562C66900C0D668 /* RequestOperation.swift in Sources */,
				AC59E95C2576B82F00121387 /* GenericViews.swift in Sources */,
				AC1AF8C4274DEC67002658B6 /* MovementFormTabsView.swift in Sources */,
				ACC0539C2550DA2300B9753A /* VMConfigData.swift in Sources */,
				AC3444E32563683F00C0D668 /* SLAIDPanelView.swift in Sources */,
				AC34454D25638B5C00C0D668 /* PharmacyListView.swift in Sources */,
				AC34454025638A2300C0D668 /* DoctorListView.swift in Sources */,
				ACA106E22575E8D000FDD7E4 /* SupportView.swift in Sources */,
				AC62C2DE25A7D12700FA5868 /* DynamicForm.swift in Sources */,
				ACA106F52575F77800FDD7E4 /* RealmMVVM.swift in Sources */,
				AC344510256373BE00C0D668 /* GMSView.swift in Sources */,
				AC34452125637F4C00C0D668 /* BirthdayTabView.swift in Sources */,
				AC6F1F2524FF2978005E57DC /* SceneDelegate.swift in Sources */,
				AC60C1FF274750E200294834 /* PanelGenericViews.swift in Sources */,
				AC34452B25637F7000C0D668 /* NotificationTabView.swift in Sources */,
				ACC053942550DA1800B9753A /* VMCoreData.swift in Sources */,
				AC60C1F527474A0800294834 /* PatientFormView.swift in Sources */,
				ACA106D02575907900FDD7E4 /* RequestDayView.swift in Sources */,
				AC60C1EB2747495F00294834 /* PotentialListView.swift in Sources */,
				AC34452625637F5F00C0D668 /* MessageTabView.swift in Sources */,
				AC6F1F2724FF2978005E57DC /* ContentView.swift in Sources */,
				AC78D2F126D5551D00674A4F /* RealmDao.swift in Sources */,
				AC3444EB256368C200C0D668 /* DashboardPanelView.swift in Sources */,
				ACC053422550629500B9753A /* AppServer.swift in Sources */,
				AC78D2FF26D5641600674A4F /* MaterialRequestView.swift in Sources */,
				ACA106C92575841600FDD7E4 /* WrapperView.swift in Sources */,
				AC893FF4254C846E009E1C43 /* Widgets.swift in Sources */,
				AC34454825638B3D00C0D668 /* ActivityListView.swift in Sources */,
				ACC053602550A63700B9753A /* InitView.swift in Sources */,
				ACC05338255057C600B9753A /* Extensions.swift in Sources */,
				AC893F8E2549C1CC009E1C43 /* UserSettings.swift in Sources */,
				ACA15F4C25923BF700E92FF2 /* LocationManager.swift in Sources */,
				AC34451925637F3700C0D668 /* DashboardTabView.swift in Sources */,
				ACC128312581184E00595078 /* MovementListView.swift in Sources */,
				AC17AD86274426DB002A376B /* ViewerDialogs.swift in Sources */,
				ACA106DD2575966B00FDD7E4 /* HeaderToggleView.swift in Sources */,
				AC82D63A26D3E3D100701D3D /* ContactListView.swift in Sources */,
				AC78D2E726D54A2D00674A4F /* EnvObjects.swift in Sources */,
				AC893F982549C20B009E1C43 /* Globals.swift in Sources */,
				AC893FEC254C80C9009E1C43 /* LoginView.swift in Sources */,
				AC3445302563880F00C0D668 /* DashboardRouter.swift in Sources */,
				2E5431D4272B540E00B99B2A /* RouteView.swift in Sources */,
				AC3444D72562CA4E00C0D668 /* SyncDataService.swift in Sources */,
				ACC053582550981E00B9753A /* AuthService.swift in Sources */,
				AC3444F02563691B00C0D668 /* NotificationPanelView.swift in Sources */,
				ACC053412550629500B9753A /* NetworkService.swift in Sources */,
				ACC49D1B2750881E0078F7CA /* LocationService.swift in Sources */,
				AC3444DD2562CCE200C0D668 /* SyncService.swift in Sources */,
				ACC1963925A4CAA200C5EE3E /* RouteListView.swift in Sources */,
				ACB50CCB2743563700F9D6B7 /* FileUtils.swift in Sources */,
				AC62C2D925A7D0E600FA5868 /* DynamicFormView.swift in Sources */,
				AC893F932549C1EF009E1C43 /* Utils.swift in Sources */,
				ACB50CC6274321C800F9D6B7 /* CommonUtils.swift in Sources */,
				AC5B9767256CB12E0007500D /* AppMenuView.swift in Sources */,
			);
			runOnlyForDeploymentPostprocessing = 0;
		};
		AC6F1F3124FF297B005E57DC /* Sources */ = {
			isa = PBXSourcesBuildPhase;
			buildActionMask = 2147483647;
			files = (
				AC6F1F3A24FF297B005E57DC /* PROTests.swift in Sources */,
			);
			runOnlyForDeploymentPostprocessing = 0;
		};
		AC6F1F3C24FF297B005E57DC /* Sources */ = {
			isa = PBXSourcesBuildPhase;
			buildActionMask = 2147483647;
			files = (
				AC6F1F4524FF297B005E57DC /* PROUITests.swift in Sources */,
			);
			runOnlyForDeploymentPostprocessing = 0;
		};
/* End PBXSourcesBuildPhase section */

/* Begin PBXTargetDependency section */
		AC6F1F3724FF297B005E57DC /* PBXTargetDependency */ = {
			isa = PBXTargetDependency;
			target = AC6F1F1E24FF2978005E57DC /* PRO */;
			targetProxy = AC6F1F3624FF297B005E57DC /* PBXContainerItemProxy */;
		};
		AC6F1F4224FF297B005E57DC /* PBXTargetDependency */ = {
			isa = PBXTargetDependency;
			target = AC6F1F1E24FF2978005E57DC /* PRO */;
			targetProxy = AC6F1F4124FF297B005E57DC /* PBXContainerItemProxy */;
		};
/* End PBXTargetDependency section */

/* Begin PBXVariantGroup section */
		AC6F1F2D24FF297A005E57DC /* LaunchScreen.storyboard */ = {
			isa = PBXVariantGroup;
			children = (
				AC6F1F2E24FF297A005E57DC /* Base */,
			);
			name = LaunchScreen.storyboard;
			sourceTree = "<group>";
		};
		ACC05352255067EC00B9753A /* Localizable.strings */ = {
			isa = PBXVariantGroup;
			children = (
				ACC05351255067EC00B9753A /* en */,
			);
			name = Localizable.strings;
			sourceTree = "<group>";
		};
/* End PBXVariantGroup section */

/* Begin XCBuildConfiguration section */
		AC6F1F4724FF297B005E57DC /* Debug */ = {
			isa = XCBuildConfiguration;
			buildSettings = {
				ALWAYS_SEARCH_USER_PATHS = NO;
				CLANG_ANALYZER_NONNULL = YES;
				CLANG_ANALYZER_NUMBER_OBJECT_CONVERSION = YES_AGGRESSIVE;
				CLANG_CXX_LANGUAGE_STANDARD = "gnu++14";
				CLANG_CXX_LIBRARY = "libc++";
				CLANG_ENABLE_MODULES = YES;
				CLANG_ENABLE_OBJC_ARC = YES;
				CLANG_ENABLE_OBJC_WEAK = YES;
				CLANG_WARN_BLOCK_CAPTURE_AUTORELEASING = YES;
				CLANG_WARN_BOOL_CONVERSION = YES;
				CLANG_WARN_COMMA = YES;
				CLANG_WARN_CONSTANT_CONVERSION = YES;
				CLANG_WARN_DEPRECATED_OBJC_IMPLEMENTATIONS = YES;
				CLANG_WARN_DIRECT_OBJC_ISA_USAGE = YES_ERROR;
				CLANG_WARN_DOCUMENTATION_COMMENTS = YES;
				CLANG_WARN_EMPTY_BODY = YES;
				CLANG_WARN_ENUM_CONVERSION = YES;
				CLANG_WARN_INFINITE_RECURSION = YES;
				CLANG_WARN_INT_CONVERSION = YES;
				CLANG_WARN_NON_LITERAL_NULL_CONVERSION = YES;
				CLANG_WARN_OBJC_IMPLICIT_RETAIN_SELF = YES;
				CLANG_WARN_OBJC_LITERAL_CONVERSION = YES;
				CLANG_WARN_OBJC_ROOT_CLASS = YES_ERROR;
				CLANG_WARN_QUOTED_INCLUDE_IN_FRAMEWORK_HEADER = YES;
				CLANG_WARN_RANGE_LOOP_ANALYSIS = YES;
				CLANG_WARN_STRICT_PROTOTYPES = YES;
				CLANG_WARN_SUSPICIOUS_MOVE = YES;
				CLANG_WARN_UNGUARDED_AVAILABILITY = YES_AGGRESSIVE;
				CLANG_WARN_UNREACHABLE_CODE = YES;
				CLANG_WARN__DUPLICATE_METHOD_MATCH = YES;
				COPY_PHASE_STRIP = NO;
				DEBUG_INFORMATION_FORMAT = dwarf;
				ENABLE_STRICT_OBJC_MSGSEND = YES;
				ENABLE_TESTABILITY = YES;
				GCC_C_LANGUAGE_STANDARD = gnu11;
				GCC_DYNAMIC_NO_PIC = NO;
				GCC_NO_COMMON_BLOCKS = YES;
				GCC_OPTIMIZATION_LEVEL = 0;
				GCC_PREPROCESSOR_DEFINITIONS = (
					"DEBUG=1",
					"$(inherited)",
				);
				GCC_WARN_64_TO_32_BIT_CONVERSION = YES;
				GCC_WARN_ABOUT_RETURN_TYPE = YES_ERROR;
				GCC_WARN_UNDECLARED_SELECTOR = YES;
				GCC_WARN_UNINITIALIZED_AUTOS = YES_AGGRESSIVE;
				GCC_WARN_UNUSED_FUNCTION = YES;
				GCC_WARN_UNUSED_VARIABLE = YES;
				IPHONEOS_DEPLOYMENT_TARGET = 14.0;
				MTL_ENABLE_DEBUG_INFO = INCLUDE_SOURCE;
				MTL_FAST_MATH = YES;
				ONLY_ACTIVE_ARCH = YES;
				SDKROOT = iphoneos;
				SWIFT_ACTIVE_COMPILATION_CONDITIONS = DEBUG;
				SWIFT_OPTIMIZATION_LEVEL = "-Onone";
			};
			name = Debug;
		};
		AC6F1F4824FF297B005E57DC /* Release */ = {
			isa = XCBuildConfiguration;
			buildSettings = {
				ALWAYS_SEARCH_USER_PATHS = NO;
				CLANG_ANALYZER_NONNULL = YES;
				CLANG_ANALYZER_NUMBER_OBJECT_CONVERSION = YES_AGGRESSIVE;
				CLANG_CXX_LANGUAGE_STANDARD = "gnu++14";
				CLANG_CXX_LIBRARY = "libc++";
				CLANG_ENABLE_MODULES = YES;
				CLANG_ENABLE_OBJC_ARC = YES;
				CLANG_ENABLE_OBJC_WEAK = YES;
				CLANG_WARN_BLOCK_CAPTURE_AUTORELEASING = YES;
				CLANG_WARN_BOOL_CONVERSION = YES;
				CLANG_WARN_COMMA = YES;
				CLANG_WARN_CONSTANT_CONVERSION = YES;
				CLANG_WARN_DEPRECATED_OBJC_IMPLEMENTATIONS = YES;
				CLANG_WARN_DIRECT_OBJC_ISA_USAGE = YES_ERROR;
				CLANG_WARN_DOCUMENTATION_COMMENTS = YES;
				CLANG_WARN_EMPTY_BODY = YES;
				CLANG_WARN_ENUM_CONVERSION = YES;
				CLANG_WARN_INFINITE_RECURSION = YES;
				CLANG_WARN_INT_CONVERSION = YES;
				CLANG_WARN_NON_LITERAL_NULL_CONVERSION = YES;
				CLANG_WARN_OBJC_IMPLICIT_RETAIN_SELF = YES;
				CLANG_WARN_OBJC_LITERAL_CONVERSION = YES;
				CLANG_WARN_OBJC_ROOT_CLASS = YES_ERROR;
				CLANG_WARN_QUOTED_INCLUDE_IN_FRAMEWORK_HEADER = YES;
				CLANG_WARN_RANGE_LOOP_ANALYSIS = YES;
				CLANG_WARN_STRICT_PROTOTYPES = YES;
				CLANG_WARN_SUSPICIOUS_MOVE = YES;
				CLANG_WARN_UNGUARDED_AVAILABILITY = YES_AGGRESSIVE;
				CLANG_WARN_UNREACHABLE_CODE = YES;
				CLANG_WARN__DUPLICATE_METHOD_MATCH = YES;
				COPY_PHASE_STRIP = NO;
				DEBUG_INFORMATION_FORMAT = "dwarf-with-dsym";
				ENABLE_NS_ASSERTIONS = NO;
				ENABLE_STRICT_OBJC_MSGSEND = YES;
				GCC_C_LANGUAGE_STANDARD = gnu11;
				GCC_NO_COMMON_BLOCKS = YES;
				GCC_WARN_64_TO_32_BIT_CONVERSION = YES;
				GCC_WARN_ABOUT_RETURN_TYPE = YES_ERROR;
				GCC_WARN_UNDECLARED_SELECTOR = YES;
				GCC_WARN_UNINITIALIZED_AUTOS = YES_AGGRESSIVE;
				GCC_WARN_UNUSED_FUNCTION = YES;
				GCC_WARN_UNUSED_VARIABLE = YES;
				IPHONEOS_DEPLOYMENT_TARGET = 14.0;
				MTL_ENABLE_DEBUG_INFO = NO;
				MTL_FAST_MATH = YES;
				SDKROOT = iphoneos;
				SWIFT_COMPILATION_MODE = wholemodule;
				SWIFT_OPTIMIZATION_LEVEL = "-O";
				VALIDATE_PRODUCT = YES;
			};
			name = Release;
		};
		AC6F1F4A24FF297B005E57DC /* Debug */ = {
			isa = XCBuildConfiguration;
			baseConfigurationReference = C4E77C755206DEF12A428160 /* Pods-PRO.debug.xcconfig */;
			buildSettings = {
				ASSETCATALOG_COMPILER_APPICON_NAME = AppIcon;
				CODE_SIGN_ENTITLEMENTS = PRO/PRO.entitlements;
				CODE_SIGN_STYLE = Automatic;
				DEVELOPMENT_ASSET_PATHS = "\"PRO/Preview Content\"";
				DEVELOPMENT_TEAM = ZB5R5555T8;
				ENABLE_PREVIEWS = YES;
				INFOPLIST_FILE = PRO/Info.plist;
				LD_RUNPATH_SEARCH_PATHS = (
					"$(inherited)",
					"@executable_path/Frameworks",
				);
				MARKETING_VERSION = 1.0.0;
				PRODUCT_BUNDLE_IDENTIFIER = com.vmo.PRO;
				PRODUCT_NAME = "$(TARGET_NAME)";
				SWIFT_VERSION = 5.0;
				TARGETED_DEVICE_FAMILY = "1,2";
			};
			name = Debug;
		};
		AC6F1F4B24FF297B005E57DC /* Release */ = {
			isa = XCBuildConfiguration;
			baseConfigurationReference = 75A49B1FDE2D70469D403D67 /* Pods-PRO.release.xcconfig */;
			buildSettings = {
				ASSETCATALOG_COMPILER_APPICON_NAME = AppIcon;
				CODE_SIGN_ENTITLEMENTS = PRO/PRO.entitlements;
				CODE_SIGN_STYLE = Automatic;
				DEVELOPMENT_ASSET_PATHS = "\"PRO/Preview Content\"";
				DEVELOPMENT_TEAM = ZB5R5555T8;
				ENABLE_PREVIEWS = YES;
				INFOPLIST_FILE = PRO/Info.plist;
				LD_RUNPATH_SEARCH_PATHS = (
					"$(inherited)",
					"@executable_path/Frameworks",
				);
				MARKETING_VERSION = 1.0.0;
				PRODUCT_BUNDLE_IDENTIFIER = com.vmo.PRO;
				PRODUCT_NAME = "$(TARGET_NAME)";
				SWIFT_VERSION = 5.0;
				TARGETED_DEVICE_FAMILY = "1,2";
			};
			name = Release;
		};
		AC6F1F4D24FF297B005E57DC /* Debug */ = {
			isa = XCBuildConfiguration;
			baseConfigurationReference = 68134B15E467F03395CB862C /* Pods-PROTests.debug.xcconfig */;
			buildSettings = {
				ALWAYS_EMBED_SWIFT_STANDARD_LIBRARIES = YES;
				BUNDLE_LOADER = "$(TEST_HOST)";
				CODE_SIGN_STYLE = Automatic;
				DEVELOPMENT_TEAM = ZB5R5555T8;
				INFOPLIST_FILE = PROTests/Info.plist;
				IPHONEOS_DEPLOYMENT_TARGET = 13.6;
				LD_RUNPATH_SEARCH_PATHS = (
					"$(inherited)",
					"@executable_path/Frameworks",
					"@loader_path/Frameworks",
				);
				PRODUCT_BUNDLE_IDENTIFIER = com.vmo.PROTests;
				PRODUCT_NAME = "$(TARGET_NAME)";
				SWIFT_VERSION = 5.0;
				TARGETED_DEVICE_FAMILY = "1,2";
				TEST_HOST = "$(BUILT_PRODUCTS_DIR)/PRO.app/PRO";
			};
			name = Debug;
		};
		AC6F1F4E24FF297B005E57DC /* Release */ = {
			isa = XCBuildConfiguration;
			baseConfigurationReference = 09088EBD37B79740C57A1DBB /* Pods-PROTests.release.xcconfig */;
			buildSettings = {
				ALWAYS_EMBED_SWIFT_STANDARD_LIBRARIES = YES;
				BUNDLE_LOADER = "$(TEST_HOST)";
				CODE_SIGN_STYLE = Automatic;
				DEVELOPMENT_TEAM = ZB5R5555T8;
				INFOPLIST_FILE = PROTests/Info.plist;
				IPHONEOS_DEPLOYMENT_TARGET = 13.6;
				LD_RUNPATH_SEARCH_PATHS = (
					"$(inherited)",
					"@executable_path/Frameworks",
					"@loader_path/Frameworks",
				);
				PRODUCT_BUNDLE_IDENTIFIER = com.vmo.PROTests;
				PRODUCT_NAME = "$(TARGET_NAME)";
				SWIFT_VERSION = 5.0;
				TARGETED_DEVICE_FAMILY = "1,2";
				TEST_HOST = "$(BUILT_PRODUCTS_DIR)/PRO.app/PRO";
			};
			name = Release;
		};
		AC6F1F5024FF297B005E57DC /* Debug */ = {
			isa = XCBuildConfiguration;
			baseConfigurationReference = A07CCE38AA9FCCC721A567A7 /* Pods-PRO-PROUITests.debug.xcconfig */;
			buildSettings = {
				ALWAYS_EMBED_SWIFT_STANDARD_LIBRARIES = YES;
				CODE_SIGN_STYLE = Automatic;
				DEVELOPMENT_TEAM = ZB5R5555T8;
				INFOPLIST_FILE = PROUITests/Info.plist;
				LD_RUNPATH_SEARCH_PATHS = (
					"$(inherited)",
					"@executable_path/Frameworks",
					"@loader_path/Frameworks",
				);
				PRODUCT_BUNDLE_IDENTIFIER = com.vmo.PROUITests;
				PRODUCT_NAME = "$(TARGET_NAME)";
				SWIFT_VERSION = 5.0;
				TARGETED_DEVICE_FAMILY = "1,2";
				TEST_TARGET_NAME = PRO;
			};
			name = Debug;
		};
		AC6F1F5124FF297B005E57DC /* Release */ = {
			isa = XCBuildConfiguration;
			baseConfigurationReference = 3C4A6044C111C9D48B7331F7 /* Pods-PRO-PROUITests.release.xcconfig */;
			buildSettings = {
				ALWAYS_EMBED_SWIFT_STANDARD_LIBRARIES = YES;
				CODE_SIGN_STYLE = Automatic;
				DEVELOPMENT_TEAM = ZB5R5555T8;
				INFOPLIST_FILE = PROUITests/Info.plist;
				LD_RUNPATH_SEARCH_PATHS = (
					"$(inherited)",
					"@executable_path/Frameworks",
					"@loader_path/Frameworks",
				);
				PRODUCT_BUNDLE_IDENTIFIER = com.vmo.PROUITests;
				PRODUCT_NAME = "$(TARGET_NAME)";
				SWIFT_VERSION = 5.0;
				TARGETED_DEVICE_FAMILY = "1,2";
				TEST_TARGET_NAME = PRO;
			};
			name = Release;
		};
/* End XCBuildConfiguration section */

/* Begin XCConfigurationList section */
		AC6F1F1A24FF2978005E57DC /* Build configuration list for PBXProject "PRO" */ = {
			isa = XCConfigurationList;
			buildConfigurations = (
				AC6F1F4724FF297B005E57DC /* Debug */,
				AC6F1F4824FF297B005E57DC /* Release */,
			);
			defaultConfigurationIsVisible = 0;
			defaultConfigurationName = Release;
		};
		AC6F1F4924FF297B005E57DC /* Build configuration list for PBXNativeTarget "PRO" */ = {
			isa = XCConfigurationList;
			buildConfigurations = (
				AC6F1F4A24FF297B005E57DC /* Debug */,
				AC6F1F4B24FF297B005E57DC /* Release */,
			);
			defaultConfigurationIsVisible = 0;
			defaultConfigurationName = Release;
		};
		AC6F1F4C24FF297B005E57DC /* Build configuration list for PBXNativeTarget "PROTests" */ = {
			isa = XCConfigurationList;
			buildConfigurations = (
				AC6F1F4D24FF297B005E57DC /* Debug */,
				AC6F1F4E24FF297B005E57DC /* Release */,
			);
			defaultConfigurationIsVisible = 0;
			defaultConfigurationName = Release;
		};
		AC6F1F4F24FF297B005E57DC /* Build configuration list for PBXNativeTarget "PROUITests" */ = {
			isa = XCConfigurationList;
			buildConfigurations = (
				AC6F1F5024FF297B005E57DC /* Debug */,
				AC6F1F5124FF297B005E57DC /* Release */,
			);
			defaultConfigurationIsVisible = 0;
			defaultConfigurationName = Release;
		};
/* End XCConfigurationList section */

/* Begin XCRemoteSwiftPackageReference section */
		AC562278274FDF1A00098C3A /* XCRemoteSwiftPackageReference "amplify-ios" */ = {
			isa = XCRemoteSwiftPackageReference;
			repositoryURL = "https://github.com/aws-amplify/amplify-ios";
			requirement = {
				kind = upToNextMajorVersion;
				minimumVersion = 1.16.1;
			};
		};
		AC5B9760256CAE0F0007500D /* XCRemoteSwiftPackageReference "PartialSheet.git" */ = {
			isa = XCRemoteSwiftPackageReference;
			repositoryURL = "https://github.com/AndreaMiotto/PartialSheet.git";
			requirement = {
				kind = upToNextMajorVersion;
				minimumVersion = 2.1.11;
			};
		};
/* End XCRemoteSwiftPackageReference section */

/* Begin XCSwiftPackageProductDependency section */
		AC562279274FDF1A00098C3A /* Amplify */ = {
			isa = XCSwiftPackageProductDependency;
			package = AC562278274FDF1A00098C3A /* XCRemoteSwiftPackageReference "amplify-ios" */;
			productName = Amplify;
		};
		AC56227B274FDF1A00098C3A /* AWSCognitoAuthPlugin */ = {
			isa = XCSwiftPackageProductDependency;
			package = AC562278274FDF1A00098C3A /* XCRemoteSwiftPackageReference "amplify-ios" */;
			productName = AWSCognitoAuthPlugin;
		};
		AC56227D274FDF1A00098C3A /* AWSS3StoragePlugin */ = {
			isa = XCSwiftPackageProductDependency;
			package = AC562278274FDF1A00098C3A /* XCRemoteSwiftPackageReference "amplify-ios" */;
			productName = AWSS3StoragePlugin;
		};
		AC56227F274FDF1A00098C3A /* AWSAPIPlugin */ = {
			isa = XCSwiftPackageProductDependency;
			package = AC562278274FDF1A00098C3A /* XCRemoteSwiftPackageReference "amplify-ios" */;
			productName = AWSAPIPlugin;
		};
		AC5B9761256CAE0F0007500D /* PartialSheet */ = {
			isa = XCSwiftPackageProductDependency;
			package = AC5B9760256CAE0F0007500D /* XCRemoteSwiftPackageReference "PartialSheet.git" */;
			productName = PartialSheet;
		};
/* End XCSwiftPackageProductDependency section */
	};
	rootObject = AC6F1F1724FF2978005E57DC /* Project object */;
}
